// !$*UTF8*$!
{
	archiveVersion = 1;
	classes = {
	};
	objectVersion = 46;
	objects = {

/* Begin PBXBuildFile section */
		787C16E01B9603570079A634 /* DetailViewController.m in Sources */ = {isa = PBXBuildFile; fileRef = 787C16201B9603570079A634 /* DetailViewController.m */; };
		787C16E11B9603570079A634 /* GridController.m in Sources */ = {isa = PBXBuildFile; fileRef = 787C16221B9603570079A634 /* GridController.m */; };
		787C16E21B9603570079A634 /* IMAboutUsController.m in Sources */ = {isa = PBXBuildFile; fileRef = 787C16241B9603570079A634 /* IMAboutUsController.m */; };
		787C16E31B9603570079A634 /* IMAddressDetailController.m in Sources */ = {isa = PBXBuildFile; fileRef = 787C16261B9603570079A634 /* IMAddressDetailController.m */; };
		787C16E41B9603570079A634 /* IMAddressViewController.m in Sources */ = {isa = PBXBuildFile; fileRef = 787C16281B9603570079A634 /* IMAddressViewController.m */; };
		787C16E51B9603570079A634 /* IMCartViewController.m in Sources */ = {isa = PBXBuildFile; fileRef = 787C162A1B9603570079A634 /* IMCartViewController.m */; };
		787C16E61B9603570079A634 /* IMDeliveryInformationController.m in Sources */ = {isa = PBXBuildFile; fileRef = 787C162C1B9603570079A634 /* IMDeliveryInformationController.m */; };
		787C16E71B9603570079A634 /* IMDiscountCardController.m in Sources */ = {isa = PBXBuildFile; fileRef = 787C162E1B9603570079A634 /* IMDiscountCardController.m */; };
		787C16E81B9603570079A634 /* IMDrawerController.m in Sources */ = {isa = PBXBuildFile; fileRef = 787C16301B9603570079A634 /* IMDrawerController.m */; };
		787C16E91B9603570079A634 /* IMEventDetailController.m in Sources */ = {isa = PBXBuildFile; fileRef = 787C16321B9603570079A634 /* IMEventDetailController.m */; };
		787C16EA1B9603570079A634 /* IMEventViewController.m in Sources */ = {isa = PBXBuildFile; fileRef = 787C16341B9603570079A634 /* IMEventViewController.m */; };
		787C16EB1B9603570079A634 /* IMFormViewController.m in Sources */ = {isa = PBXBuildFile; fileRef = 787C16361B9603570079A634 /* IMFormViewController.m */; };
		787C16EC1B9603570079A634 /* IMLoadingViewController.m in Sources */ = {isa = PBXBuildFile; fileRef = 787C16381B9603570079A634 /* IMLoadingViewController.m */; };
		787C16ED1B9603570079A634 /* IMOrderSendingController.m in Sources */ = {isa = PBXBuildFile; fileRef = 787C163A1B9603570079A634 /* IMOrderSendingController.m */; };
		787C16EE1B9603570079A634 /* IMPaymentFormViewController.m in Sources */ = {isa = PBXBuildFile; fileRef = 787C163C1B9603570079A634 /* IMPaymentFormViewController.m */; };
		787C16EF1B9603570079A634 /* IMProductDetailController.m in Sources */ = {isa = PBXBuildFile; fileRef = 787C163E1B9603570079A634 /* IMProductDetailController.m */; };
		787C16F01B9603570079A634 /* IMProductDetailPageController.m in Sources */ = {isa = PBXBuildFile; fileRef = 787C16401B9603570079A634 /* IMProductDetailPageController.m */; };
		787C16F11B9603570079A634 /* IMProductsViewPagerController.m in Sources */ = {isa = PBXBuildFile; fileRef = 787C16421B9603570079A634 /* IMProductsViewPagerController.m */; };
		787C16F21B9603570079A634 /* IMProductViewController.m in Sources */ = {isa = PBXBuildFile; fileRef = 787C16441B9603570079A634 /* IMProductViewController.m */; };
		787C16F31B9603570079A634 /* IMSlideDrawerController.m in Sources */ = {isa = PBXBuildFile; fileRef = 787C16461B9603570079A634 /* IMSlideDrawerController.m */; };
		787C16F41B9603570079A634 /* IMUserInfoController.m in Sources */ = {isa = PBXBuildFile; fileRef = 787C16481B9603570079A634 /* IMUserInfoController.m */; };
		787C16F51B9603570079A634 /* IMViewController.m in Sources */ = {isa = PBXBuildFile; fileRef = 787C164A1B9603570079A634 /* IMViewController.m */; };
		787C16F61B9603570079A634 /* IMBonusDetailsViewController.m in Sources */ = {isa = PBXBuildFile; fileRef = 787C164D1B9603570079A634 /* IMBonusDetailsViewController.m */; };
		787C16F71B9603570079A634 /* IMBonusViewController.m in Sources */ = {isa = PBXBuildFile; fileRef = 787C164F1B9603570079A634 /* IMBonusViewController.m */; };
		787C16F81B9603570079A634 /* IMSplitViewController.m in Sources */ = {isa = PBXBuildFile; fileRef = 787C16511B9603570079A634 /* IMSplitViewController.m */; };
		787C16F91B9603570079A634 /* IMTransitionsManager.m in Sources */ = {isa = PBXBuildFile; fileRef = 787C16531B9603570079A634 /* IMTransitionsManager.m */; };
		787C16FA1B9603570079A634 /* PageItemController.m in Sources */ = {isa = PBXBuildFile; fileRef = 787C16551B9603570079A634 /* PageItemController.m */; };
		787C16FB1B9603570079A634 /* ViewController.m in Sources */ = {isa = PBXBuildFile; fileRef = 787C16571B9603570079A634 /* ViewController.m */; };
		787C16FC1B9603570079A634 /* IMAppDelegate.m in Sources */ = {isa = PBXBuildFile; fileRef = 787C165B1B9603570079A634 /* IMAppDelegate.m */; };
		787C16FD1B9603570079A634 /* main.m in Sources */ = {isa = PBXBuildFile; fileRef = 787C165D1B9603570079A634 /* main.m */; };
		787C16FF1B9603570079A634 /* IMAboutUsManager.m in Sources */ = {isa = PBXBuildFile; fileRef = 787C16631B9603570079A634 /* IMAboutUsManager.m */; };
		787C17001B9603570079A634 /* IMAbstractManager.m in Sources */ = {isa = PBXBuildFile; fileRef = 787C16651B9603570079A634 /* IMAbstractManager.m */; };
		787C17011B9603570079A634 /* IMAddressManager.m in Sources */ = {isa = PBXBuildFile; fileRef = 787C16671B9603570079A634 /* IMAddressManager.m */; };
		787C17021B9603570079A634 /* IMBonusManager.m in Sources */ = {isa = PBXBuildFile; fileRef = 787C16691B9603570079A634 /* IMBonusManager.m */; };
		787C17031B9603570079A634 /* IMCartManager.m in Sources */ = {isa = PBXBuildFile; fileRef = 787C166B1B9603570079A634 /* IMCartManager.m */; };
		787C17041B9603570079A634 /* IMDiscountManager.m in Sources */ = {isa = PBXBuildFile; fileRef = 787C166D1B9603570079A634 /* IMDiscountManager.m */; };
		787C17051B9603570079A634 /* IMEventManager.m in Sources */ = {isa = PBXBuildFile; fileRef = 787C166F1B9603570079A634 /* IMEventManager.m */; };
		787C17061B9603570079A634 /* IMInfoManager.m in Sources */ = {isa = PBXBuildFile; fileRef = 787C16711B9603570079A634 /* IMInfoManager.m */; };
		787C17071B9603570079A634 /* IMProductManager.m in Sources */ = {isa = PBXBuildFile; fileRef = 787C16731B9603570079A634 /* IMProductManager.m */; };
		787C17081B9603570079A634 /* IMSectionManager.m in Sources */ = {isa = PBXBuildFile; fileRef = 787C16751B9603570079A634 /* IMSectionManager.m */; };
		787C17091B9603570079A634 /* IMUserData.m in Sources */ = {isa = PBXBuildFile; fileRef = 787C16771B9603570079A634 /* IMUserData.m */; };
		787C170A1B9603570079A634 /* IMAboutData.m in Sources */ = {isa = PBXBuildFile; fileRef = 787C167A1B9603570079A634 /* IMAboutData.m */; };
		787C170B1B9603570079A634 /* IMAddition.m in Sources */ = {isa = PBXBuildFile; fileRef = 787C167C1B9603570079A634 /* IMAddition.m */; };
		787C170C1B9603570079A634 /* IMAddress.m in Sources */ = {isa = PBXBuildFile; fileRef = 787C167E1B9603570079A634 /* IMAddress.m */; };
		787C170D1B9603570079A634 /* IMBonus.m in Sources */ = {isa = PBXBuildFile; fileRef = 787C16801B9603570079A634 /* IMBonus.m */; };
		787C170E1B9603570079A634 /* IMDiscount.m in Sources */ = {isa = PBXBuildFile; fileRef = 787C16821B9603570079A634 /* IMDiscount.m */; };
		787C170F1B9603570079A634 /* IMEvent.m in Sources */ = {isa = PBXBuildFile; fileRef = 787C16841B9603570079A634 /* IMEvent.m */; };
		787C17101B9603570079A634 /* IMItem.m in Sources */ = {isa = PBXBuildFile; fileRef = 787C16861B9603570079A634 /* IMItem.m */; };
		787C17111B9603570079A634 /* IMProduct.m in Sources */ = {isa = PBXBuildFile; fileRef = 787C16881B9603570079A634 /* IMProduct.m */; };
		787C17121B9603570079A634 /* Section.m in Sources */ = {isa = PBXBuildFile; fileRef = 787C168A1B9603570079A634 /* Section.m */; };
		787C17131B9603570079A634 /* IMAbstractOperation.m in Sources */ = {isa = PBXBuildFile; fileRef = 787C168D1B9603570079A634 /* IMAbstractOperation.m */; };
		787C17141B9603570079A634 /* IMOperation.m in Sources */ = {isa = PBXBuildFile; fileRef = 787C168F1B9603570079A634 /* IMOperation.m */; };
		787C17151B9603570079A634 /* IMOperationCheckBonuses.m in Sources */ = {isa = PBXBuildFile; fileRef = 787C16911B9603570079A634 /* IMOperationCheckBonuses.m */; };
		787C17161B9603570079A634 /* IMOperationParse.m in Sources */ = {isa = PBXBuildFile; fileRef = 787C16931B9603570079A634 /* IMOperationParse.m */; };
		787C17171B9603570079A634 /* IMOperationRequestCardDiscount.m in Sources */ = {isa = PBXBuildFile; fileRef = 787C16951B9603570079A634 /* IMOperationRequestCardDiscount.m */; };
		787C17181B9603570079A634 /* IMOperationRequestDiscount.m in Sources */ = {isa = PBXBuildFile; fileRef = 787C16971B9603570079A634 /* IMOperationRequestDiscount.m */; };
		787C17191B9603570079A634 /* IMOperationSendOrder.m in Sources */ = {isa = PBXBuildFile; fileRef = 787C16991B9603570079A634 /* IMOperationSendOrder.m */; };
		787C171A1B9603570079A634 /* IMAboutUsParser.m in Sources */ = {isa = PBXBuildFile; fileRef = 787C169C1B9603570079A634 /* IMAboutUsParser.m */; };
		787C171B1B9603570079A634 /* IMAbstractParser.m in Sources */ = {isa = PBXBuildFile; fileRef = 787C169E1B9603570079A634 /* IMAbstractParser.m */; };
		787C171C1B9603570079A634 /* IMAddressParser.m in Sources */ = {isa = PBXBuildFile; fileRef = 787C16A01B9603570079A634 /* IMAddressParser.m */; };
		787C171D1B9603570079A634 /* IMBonusParser.m in Sources */ = {isa = PBXBuildFile; fileRef = 787C16A21B9603570079A634 /* IMBonusParser.m */; };
		787C171E1B9603570079A634 /* IMDiscountParser.m in Sources */ = {isa = PBXBuildFile; fileRef = 787C16A41B9603570079A634 /* IMDiscountParser.m */; };
		787C171F1B9603570079A634 /* IMEventParser.m in Sources */ = {isa = PBXBuildFile; fileRef = 787C16A61B9603570079A634 /* IMEventParser.m */; };
		787C17201B9603570079A634 /* IMInfoParser.m in Sources */ = {isa = PBXBuildFile; fileRef = 787C16A81B9603570079A634 /* IMInfoParser.m */; };
		787C17211B9603570079A634 /* IMProductParser.m in Sources */ = {isa = PBXBuildFile; fileRef = 787C16AA1B9603570079A634 /* IMProductParser.m */; };
		787C17221B9603570079A634 /* IMPaymentSystemPayOnline.m in Sources */ = {isa = PBXBuildFile; fileRef = 787C16AD1B9603570079A634 /* IMPaymentSystemPayOnline.m */; };
		787C17231B9603570079A634 /* SCRFTPRequest.m in Sources */ = {isa = PBXBuildFile; fileRef = 787C16B01B9603570079A634 /* SCRFTPRequest.m */; };
		787C17241B9603570079A634 /* Tools.m in Sources */ = {isa = PBXBuildFile; fileRef = 787C16B21B9603570079A634 /* Tools.m */; };
		787C17251B9603570079A634 /* XMLOrderCreator.m in Sources */ = {isa = PBXBuildFile; fileRef = 787C16B41B9603570079A634 /* XMLOrderCreator.m */; };
		787C17261B9603570079A634 /* XMLWriter.m in Sources */ = {isa = PBXBuildFile; fileRef = 787C16B61B9603570079A634 /* XMLWriter.m */; };
		787C17271B9603570079A634 /* IMButtonEffect.m in Sources */ = {isa = PBXBuildFile; fileRef = 787C16B91B9603570079A634 /* IMButtonEffect.m */; };
		787C17281B9603570079A634 /* IMCustomLabel.m in Sources */ = {isa = PBXBuildFile; fileRef = 787C16BB1B9603570079A634 /* IMCustomLabel.m */; };
		787C17291B9603570079A634 /* IMFont.m in Sources */ = {isa = PBXBuildFile; fileRef = 787C16BD1B9603570079A634 /* IMFont.m */; };
		787C172A1B9603570079A634 /* IMLabel.m in Sources */ = {isa = PBXBuildFile; fileRef = 787C16BF1B9603570079A634 /* IMLabel.m */; };
		787C172B1B9603570079A634 /* IMStepper.m in Sources */ = {isa = PBXBuildFile; fileRef = 787C16C11B9603570079A634 /* IMStepper.m */; };
		787C172C1B9603570079A634 /* SegueFlipPopToRoot.m in Sources */ = {isa = PBXBuildFile; fileRef = 787C16C31B9603570079A634 /* SegueFlipPopToRoot.m */; };
		787C172D1B9603570079A634 /* IMBonusViewCell.m in Sources */ = {isa = PBXBuildFile; fileRef = 787C16C61B9603570079A634 /* IMBonusViewCell.m */; };
		787C172E1B9603570079A634 /* IMCartAdditionViewCell.m in Sources */ = {isa = PBXBuildFile; fileRef = 787C16C81B9603570079A634 /* IMCartAdditionViewCell.m */; };
		787C172F1B9603570079A634 /* IMCartProductCell.m in Sources */ = {isa = PBXBuildFile; fileRef = 787C16CA1B9603570079A634 /* IMCartProductCell.m */; };
		787C17301B9603570079A634 /* IMEventViewCell.m in Sources */ = {isa = PBXBuildFile; fileRef = 787C16CC1B9603570079A634 /* IMEventViewCell.m */; };
		787C17311B9603570079A634 /* IMHeaderViewCell.m in Sources */ = {isa = PBXBuildFile; fileRef = 787C16CE1B9603570079A634 /* IMHeaderViewCell.m */; };
		787C17321B9603570079A634 /* IMProductGridCell.m in Sources */ = {isa = PBXBuildFile; fileRef = 787C16D01B9603570079A634 /* IMProductGridCell.m */; };
		787C17331B9603570079A634 /* IMProductViewCell.m in Sources */ = {isa = PBXBuildFile; fileRef = 787C16D21B9603570079A634 /* IMProductViewCell.m */; };
		787C17341B9603570079A634 /* IMRestarauntViewCell.m in Sources */ = {isa = PBXBuildFile; fileRef = 787C16D41B9603570079A634 /* IMRestarauntViewCell.m */; };
		787C17351B9603570079A634 /* IMSectionViewCell.m in Sources */ = {isa = PBXBuildFile; fileRef = 787C16D61B9603570079A634 /* IMSectionViewCell.m */; };
		787C17361B9603570079A634 /* AsyncImageView.m in Sources */ = {isa = PBXBuildFile; fileRef = 787C16D91B9603570079A634 /* AsyncImageView.m */; };
		787C17371B9603570079A634 /* KASlideShow.m in Sources */ = {isa = PBXBuildFile; fileRef = 787C16DB1B9603570079A634 /* KASlideShow.m */; };
		787C17391B9603570079A634 /* UIImage+Helpers.m in Sources */ = {isa = PBXBuildFile; fileRef = 787C16DF1B9603570079A634 /* UIImage+Helpers.m */; };
		D03C19181B4FE02400C4A6A7 /* AFBlurSegue.m in Sources */ = {isa = PBXBuildFile; fileRef = D0318CD71B4BFE13005DBCA4 /* AFBlurSegue.m */; };
		D03C19281B4FE02400C4A6A7 /* UIImage+ImageEffects.m in Sources */ = {isa = PBXBuildFile; fileRef = D0318CD91B4BFE13005DBCA4 /* UIImage+ImageEffects.m */; };
		D03C19601B4FE02400C4A6A7 /* CoreGraphics.framework in Frameworks */ = {isa = PBXBuildFile; fileRef = E81E34C81A3865DA00FF0622 /* CoreGraphics.framework */; };
		D03C19611B4FE02400C4A6A7 /* UIKit.framework in Frameworks */ = {isa = PBXBuildFile; fileRef = E81E34CA1A3865DA00FF0622 /* UIKit.framework */; };
		D03C19621B4FE02400C4A6A7 /* libPayOnlineSdk.a in Frameworks */ = {isa = PBXBuildFile; fileRef = D04004321B4AA4B0005099CA /* libPayOnlineSdk.a */; };
		D03C19631B4FE02400C4A6A7 /* Foundation.framework in Frameworks */ = {isa = PBXBuildFile; fileRef = E81E34C61A3865DA00FF0622 /* Foundation.framework */; };
		D03C19641B4FE02400C4A6A7 /* libPods.a in Frameworks */ = {isa = PBXBuildFile; fileRef = B5AFF82273C0CC3D0BB6B2C0 /* libPods.a */; };
		D03C19691B4FE02400C4A6A7 /* LabelFont.ttf in Resources */ = {isa = PBXBuildFile; fileRef = D02D7AB91B1D906C00226CAF /* LabelFont.ttf */; };
		D03C196A1B4FE02400C4A6A7 /* marker.png in Resources */ = {isa = PBXBuildFile; fileRef = D02D7ABB1B1D906C00226CAF /* marker.png */; };
		D03C196C1B4FE02400C4A6A7 /* Location_01.png in Resources */ = {isa = PBXBuildFile; fileRef = D02D7ABA1B1D906C00226CAF /* Location_01.png */; };
		D03C19721B4FE02400C4A6A7 /* iPad.storyboard in Resources */ = {isa = PBXBuildFile; fileRef = D0E3E49B1B31521200CBF2DE /* iPad.storyboard */; };
		D03C19751B4FE02400C4A6A7 /* iPhone.storyboard in Resources */ = {isa = PBXBuildFile; fileRef = E84CB8E11AB1B018001CDD76 /* iPhone.storyboard */; };
		D03C19771B4FE02400C4A6A7 /* Ruble_sign.png in Resources */ = {isa = PBXBuildFile; fileRef = D02D7ABC1B1D906C00226CAF /* Ruble_sign.png */; };
		D03C19791B4FE02400C4A6A7 /* InfoPlist.strings in Resources */ = {isa = PBXBuildFile; fileRef = E81E34CF1A3865DA00FF0622 /* InfoPlist.strings */; };
		D03C197A1B4FE02400C4A6A7 /* backgound.png in Resources */ = {isa = PBXBuildFile; fileRef = D0E385391B3AA41400867487 /* backgound.png */; };
		D03C19821B4FE0AD00C4A6A7 /* InuwaCatalog.plist in Resources */ = {isa = PBXBuildFile; fileRef = D0E6C3E81B1C7E7600056B8F /* InuwaCatalog.plist */; };
		D03C19831B4FE0BE00C4A6A7 /* Colors.plist in Resources */ = {isa = PBXBuildFile; fileRef = D0E6C3E61B1C7E7600056B8F /* Colors.plist */; };
		D03C19841B4FE0C000C4A6A7 /* FTP.plist in Resources */ = {isa = PBXBuildFile; fileRef = D0E6C3E71B1C7E7600056B8F /* FTP.plist */; };
		D03C19851B4FE0C100C4A6A7 /* URL.plist in Resources */ = {isa = PBXBuildFile; fileRef = D0E6C3E91B1C7E7600056B8F /* URL.plist */; };
		D08478931B5E13460003FDF1 /* ic_image.png in Resources */ = {isa = PBXBuildFile; fileRef = D08478911B5E0BFB0003FDF1 /* ic_image.png */; };
		D0E8962C1B5437EB00D89A73 /* icon.png in Resources */ = {isa = PBXBuildFile; fileRef = D02D7A371B1D756300226CAF /* icon.png */; };
		D0E8962D1B5437EC00D89A73 /* icon@2x.png in Resources */ = {isa = PBXBuildFile; fileRef = D02D7A381B1D756300226CAF /* icon@2x.png */; };
		D0E8962E1B5437F200D89A73 /* iconIpad.png in Resources */ = {isa = PBXBuildFile; fileRef = D02D7A391B1D756300226CAF /* iconIpad.png */; };
		D0E8962F1B5437F400D89A73 /* iconIpad@2x.png in Resources */ = {isa = PBXBuildFile; fileRef = D02D7A3A1B1D756300226CAF /* iconIpad@2x.png */; };
		D0E896301B5437FA00D89A73 /* Splash.png in Resources */ = {isa = PBXBuildFile; fileRef = D0E6C3F11B1C7E7600056B8F /* Splash.png */; };
		D0E896311B5437FE00D89A73 /* 750-1334.png in Resources */ = {isa = PBXBuildFile; fileRef = D0E6C3F21B1C7E7600056B8F /* 750-1334.png */; };
		D0E896321B54380200D89A73 /* 960-640-1.png in Resources */ = {isa = PBXBuildFile; fileRef = D0E6C3F31B1C7E7600056B8F /* 960-640-1.png */; };
		D0E896331B54380400D89A73 /* 960-640.png in Resources */ = {isa = PBXBuildFile; fileRef = D0E6C3F41B1C7E7600056B8F /* 960-640.png */; };
		D0E896371B543A1A00D89A73 /* 180.png in Resources */ = {isa = PBXBuildFile; fileRef = D0E896341B543A1A00D89A73 /* 180.png */; };
		D0E896391B543A1A00D89A73 /* 228.png in Resources */ = {isa = PBXBuildFile; fileRef = D0E896351B543A1A00D89A73 /* 228.png */; };
		D0E8963A1B543C9300D89A73 /* InuwaCatalog.xcassets in Resources */ = {isa = PBXBuildFile; fileRef = D02D7A4B1B1D79D500226CAF /* InuwaCatalog.xcassets */; };
		D0E8963D1B543D1F00D89A73 /* 768-1024.png in Resources */ = {isa = PBXBuildFile; fileRef = D0E8963B1B543D1F00D89A73 /* 768-1024.png */; };
		D0E896401B543D3400D89A73 /* 640-1136.png in Resources */ = {isa = PBXBuildFile; fileRef = D0E8963E1B543D3400D89A73 /* 640-1136.png */; };
		D0E896431B543E8900D89A73 /* 1536-2048.png in Resources */ = {isa = PBXBuildFile; fileRef = D0E896411B543E8900D89A73 /* 1536-2048.png */; };
/* End PBXBuildFile section */

/* Begin PBXFileReference section */
		2F6F460DA28429206ECC54E5 /* libPods-Delivery.a */ = {isa = PBXFileReference; explicitFileType = archive.ar; includeInIndex = 0; path = "libPods-Delivery.a"; sourceTree = BUILT_PRODUCTS_DIR; };
		6FBE5F0425518E79F5C926CB /* libPods-KidSize.a */ = {isa = PBXFileReference; explicitFileType = archive.ar; includeInIndex = 0; path = "libPods-KidSize.a"; sourceTree = BUILT_PRODUCTS_DIR; };
		787C161F1B9603570079A634 /* DetailViewController.h */ = {isa = PBXFileReference; fileEncoding = 4; lastKnownFileType = sourcecode.c.h; path = DetailViewController.h; sourceTree = "<group>"; };
		787C16201B9603570079A634 /* DetailViewController.m */ = {isa = PBXFileReference; fileEncoding = 4; lastKnownFileType = sourcecode.c.objc; path = DetailViewController.m; sourceTree = "<group>"; };
		787C16211B9603570079A634 /* GridController.h */ = {isa = PBXFileReference; fileEncoding = 4; lastKnownFileType = sourcecode.c.h; path = GridController.h; sourceTree = "<group>"; };
		787C16221B9603570079A634 /* GridController.m */ = {isa = PBXFileReference; fileEncoding = 4; lastKnownFileType = sourcecode.c.objc; path = GridController.m; sourceTree = "<group>"; };
		787C16231B9603570079A634 /* IMAboutUsController.h */ = {isa = PBXFileReference; fileEncoding = 4; lastKnownFileType = sourcecode.c.h; path = IMAboutUsController.h; sourceTree = "<group>"; };
		787C16241B9603570079A634 /* IMAboutUsController.m */ = {isa = PBXFileReference; fileEncoding = 4; lastKnownFileType = sourcecode.c.objc; path = IMAboutUsController.m; sourceTree = "<group>"; };
		787C16251B9603570079A634 /* IMAddressDetailController.h */ = {isa = PBXFileReference; fileEncoding = 4; lastKnownFileType = sourcecode.c.h; path = IMAddressDetailController.h; sourceTree = "<group>"; };
		787C16261B9603570079A634 /* IMAddressDetailController.m */ = {isa = PBXFileReference; fileEncoding = 4; lastKnownFileType = sourcecode.c.objc; path = IMAddressDetailController.m; sourceTree = "<group>"; };
		787C16271B9603570079A634 /* IMAddressViewController.h */ = {isa = PBXFileReference; fileEncoding = 4; lastKnownFileType = sourcecode.c.h; path = IMAddressViewController.h; sourceTree = "<group>"; };
		787C16281B9603570079A634 /* IMAddressViewController.m */ = {isa = PBXFileReference; fileEncoding = 4; lastKnownFileType = sourcecode.c.objc; path = IMAddressViewController.m; sourceTree = "<group>"; };
		787C16291B9603570079A634 /* IMCartViewController.h */ = {isa = PBXFileReference; fileEncoding = 4; lastKnownFileType = sourcecode.c.h; path = IMCartViewController.h; sourceTree = "<group>"; };
		787C162A1B9603570079A634 /* IMCartViewController.m */ = {isa = PBXFileReference; fileEncoding = 4; lastKnownFileType = sourcecode.c.objc; path = IMCartViewController.m; sourceTree = "<group>"; };
		787C162B1B9603570079A634 /* IMDeliveryInformationController.h */ = {isa = PBXFileReference; fileEncoding = 4; lastKnownFileType = sourcecode.c.h; path = IMDeliveryInformationController.h; sourceTree = "<group>"; };
		787C162C1B9603570079A634 /* IMDeliveryInformationController.m */ = {isa = PBXFileReference; fileEncoding = 4; lastKnownFileType = sourcecode.c.objc; path = IMDeliveryInformationController.m; sourceTree = "<group>"; };
		787C162D1B9603570079A634 /* IMDiscountCardController.h */ = {isa = PBXFileReference; fileEncoding = 4; lastKnownFileType = sourcecode.c.h; path = IMDiscountCardController.h; sourceTree = "<group>"; };
		787C162E1B9603570079A634 /* IMDiscountCardController.m */ = {isa = PBXFileReference; fileEncoding = 4; lastKnownFileType = sourcecode.c.objc; path = IMDiscountCardController.m; sourceTree = "<group>"; };
		787C162F1B9603570079A634 /* IMDrawerController.h */ = {isa = PBXFileReference; fileEncoding = 4; lastKnownFileType = sourcecode.c.h; path = IMDrawerController.h; sourceTree = "<group>"; };
		787C16301B9603570079A634 /* IMDrawerController.m */ = {isa = PBXFileReference; fileEncoding = 4; lastKnownFileType = sourcecode.c.objc; path = IMDrawerController.m; sourceTree = "<group>"; };
		787C16311B9603570079A634 /* IMEventDetailController.h */ = {isa = PBXFileReference; fileEncoding = 4; lastKnownFileType = sourcecode.c.h; path = IMEventDetailController.h; sourceTree = "<group>"; };
		787C16321B9603570079A634 /* IMEventDetailController.m */ = {isa = PBXFileReference; fileEncoding = 4; lastKnownFileType = sourcecode.c.objc; path = IMEventDetailController.m; sourceTree = "<group>"; };
		787C16331B9603570079A634 /* IMEventViewController.h */ = {isa = PBXFileReference; fileEncoding = 4; lastKnownFileType = sourcecode.c.h; path = IMEventViewController.h; sourceTree = "<group>"; };
		787C16341B9603570079A634 /* IMEventViewController.m */ = {isa = PBXFileReference; fileEncoding = 4; lastKnownFileType = sourcecode.c.objc; path = IMEventViewController.m; sourceTree = "<group>"; };
		787C16351B9603570079A634 /* IMFormViewController.h */ = {isa = PBXFileReference; fileEncoding = 4; lastKnownFileType = sourcecode.c.h; path = IMFormViewController.h; sourceTree = "<group>"; };
		787C16361B9603570079A634 /* IMFormViewController.m */ = {isa = PBXFileReference; fileEncoding = 4; lastKnownFileType = sourcecode.c.objc; path = IMFormViewController.m; sourceTree = "<group>"; };
		787C16371B9603570079A634 /* IMLoadingViewController.h */ = {isa = PBXFileReference; fileEncoding = 4; lastKnownFileType = sourcecode.c.h; path = IMLoadingViewController.h; sourceTree = "<group>"; };
		787C16381B9603570079A634 /* IMLoadingViewController.m */ = {isa = PBXFileReference; fileEncoding = 4; lastKnownFileType = sourcecode.c.objc; path = IMLoadingViewController.m; sourceTree = "<group>"; };
		787C16391B9603570079A634 /* IMOrderSendingController.h */ = {isa = PBXFileReference; fileEncoding = 4; lastKnownFileType = sourcecode.c.h; path = IMOrderSendingController.h; sourceTree = "<group>"; };
		787C163A1B9603570079A634 /* IMOrderSendingController.m */ = {isa = PBXFileReference; fileEncoding = 4; lastKnownFileType = sourcecode.c.objc; path = IMOrderSendingController.m; sourceTree = "<group>"; };
		787C163B1B9603570079A634 /* IMPaymentFormViewController.h */ = {isa = PBXFileReference; fileEncoding = 4; lastKnownFileType = sourcecode.c.h; path = IMPaymentFormViewController.h; sourceTree = "<group>"; };
		787C163C1B9603570079A634 /* IMPaymentFormViewController.m */ = {isa = PBXFileReference; fileEncoding = 4; lastKnownFileType = sourcecode.c.objc; path = IMPaymentFormViewController.m; sourceTree = "<group>"; };
		787C163D1B9603570079A634 /* IMProductDetailController.h */ = {isa = PBXFileReference; fileEncoding = 4; lastKnownFileType = sourcecode.c.h; path = IMProductDetailController.h; sourceTree = "<group>"; };
		787C163E1B9603570079A634 /* IMProductDetailController.m */ = {isa = PBXFileReference; fileEncoding = 4; lastKnownFileType = sourcecode.c.objc; path = IMProductDetailController.m; sourceTree = "<group>"; };
		787C163F1B9603570079A634 /* IMProductDetailPageController.h */ = {isa = PBXFileReference; fileEncoding = 4; lastKnownFileType = sourcecode.c.h; path = IMProductDetailPageController.h; sourceTree = "<group>"; };
		787C16401B9603570079A634 /* IMProductDetailPageController.m */ = {isa = PBXFileReference; fileEncoding = 4; lastKnownFileType = sourcecode.c.objc; path = IMProductDetailPageController.m; sourceTree = "<group>"; };
		787C16411B9603570079A634 /* IMProductsViewPagerController.h */ = {isa = PBXFileReference; fileEncoding = 4; lastKnownFileType = sourcecode.c.h; path = IMProductsViewPagerController.h; sourceTree = "<group>"; };
		787C16421B9603570079A634 /* IMProductsViewPagerController.m */ = {isa = PBXFileReference; fileEncoding = 4; lastKnownFileType = sourcecode.c.objc; path = IMProductsViewPagerController.m; sourceTree = "<group>"; };
		787C16431B9603570079A634 /* IMProductViewController.h */ = {isa = PBXFileReference; fileEncoding = 4; lastKnownFileType = sourcecode.c.h; path = IMProductViewController.h; sourceTree = "<group>"; };
		787C16441B9603570079A634 /* IMProductViewController.m */ = {isa = PBXFileReference; fileEncoding = 4; lastKnownFileType = sourcecode.c.objc; path = IMProductViewController.m; sourceTree = "<group>"; };
		787C16451B9603570079A634 /* IMSlideDrawerController.h */ = {isa = PBXFileReference; fileEncoding = 4; lastKnownFileType = sourcecode.c.h; path = IMSlideDrawerController.h; sourceTree = "<group>"; };
		787C16461B9603570079A634 /* IMSlideDrawerController.m */ = {isa = PBXFileReference; fileEncoding = 4; lastKnownFileType = sourcecode.c.objc; path = IMSlideDrawerController.m; sourceTree = "<group>"; };
		787C16471B9603570079A634 /* IMUserInfoController.h */ = {isa = PBXFileReference; fileEncoding = 4; lastKnownFileType = sourcecode.c.h; path = IMUserInfoController.h; sourceTree = "<group>"; };
		787C16481B9603570079A634 /* IMUserInfoController.m */ = {isa = PBXFileReference; fileEncoding = 4; lastKnownFileType = sourcecode.c.objc; path = IMUserInfoController.m; sourceTree = "<group>"; };
		787C16491B9603570079A634 /* IMViewController.h */ = {isa = PBXFileReference; fileEncoding = 4; lastKnownFileType = sourcecode.c.h; path = IMViewController.h; sourceTree = "<group>"; };
		787C164A1B9603570079A634 /* IMViewController.m */ = {isa = PBXFileReference; fileEncoding = 4; lastKnownFileType = sourcecode.c.objc; path = IMViewController.m; sourceTree = "<group>"; };
		787C164C1B9603570079A634 /* IMBonusDetailsViewController.h */ = {isa = PBXFileReference; fileEncoding = 4; lastKnownFileType = sourcecode.c.h; path = IMBonusDetailsViewController.h; sourceTree = "<group>"; };
		787C164D1B9603570079A634 /* IMBonusDetailsViewController.m */ = {isa = PBXFileReference; fileEncoding = 4; lastKnownFileType = sourcecode.c.objc; path = IMBonusDetailsViewController.m; sourceTree = "<group>"; };
		787C164E1B9603570079A634 /* IMBonusViewController.h */ = {isa = PBXFileReference; fileEncoding = 4; lastKnownFileType = sourcecode.c.h; path = IMBonusViewController.h; sourceTree = "<group>"; };
		787C164F1B9603570079A634 /* IMBonusViewController.m */ = {isa = PBXFileReference; fileEncoding = 4; lastKnownFileType = sourcecode.c.objc; path = IMBonusViewController.m; sourceTree = "<group>"; };
		787C16501B9603570079A634 /* IMSplitViewController.h */ = {isa = PBXFileReference; fileEncoding = 4; lastKnownFileType = sourcecode.c.h; path = IMSplitViewController.h; sourceTree = "<group>"; };
		787C16511B9603570079A634 /* IMSplitViewController.m */ = {isa = PBXFileReference; fileEncoding = 4; lastKnownFileType = sourcecode.c.objc; path = IMSplitViewController.m; sourceTree = "<group>"; };
		787C16521B9603570079A634 /* IMTransitionsManager.h */ = {isa = PBXFileReference; fileEncoding = 4; lastKnownFileType = sourcecode.c.h; path = IMTransitionsManager.h; sourceTree = "<group>"; };
		787C16531B9603570079A634 /* IMTransitionsManager.m */ = {isa = PBXFileReference; fileEncoding = 4; lastKnownFileType = sourcecode.c.objc; path = IMTransitionsManager.m; sourceTree = "<group>"; };
		787C16541B9603570079A634 /* PageItemController.h */ = {isa = PBXFileReference; fileEncoding = 4; lastKnownFileType = sourcecode.c.h; path = PageItemController.h; sourceTree = "<group>"; };
		787C16551B9603570079A634 /* PageItemController.m */ = {isa = PBXFileReference; fileEncoding = 4; lastKnownFileType = sourcecode.c.objc; path = PageItemController.m; sourceTree = "<group>"; };
		787C16561B9603570079A634 /* ViewController.h */ = {isa = PBXFileReference; fileEncoding = 4; lastKnownFileType = sourcecode.c.h; path = ViewController.h; sourceTree = "<group>"; };
		787C16571B9603570079A634 /* ViewController.m */ = {isa = PBXFileReference; fileEncoding = 4; lastKnownFileType = sourcecode.c.objc; path = ViewController.m; sourceTree = "<group>"; };
		787C16591B9603570079A634 /* Generic.h */ = {isa = PBXFileReference; fileEncoding = 4; lastKnownFileType = sourcecode.c.h; path = Generic.h; sourceTree = "<group>"; };
		787C165A1B9603570079A634 /* IMAppDelegate.h */ = {isa = PBXFileReference; fileEncoding = 4; lastKnownFileType = sourcecode.c.h; path = IMAppDelegate.h; sourceTree = "<group>"; };
		787C165B1B9603570079A634 /* IMAppDelegate.m */ = {isa = PBXFileReference; fileEncoding = 4; lastKnownFileType = sourcecode.c.objc; path = IMAppDelegate.m; sourceTree = "<group>"; };
		787C165C1B9603570079A634 /* Protocols.h */ = {isa = PBXFileReference; fileEncoding = 4; lastKnownFileType = sourcecode.c.h; path = Protocols.h; sourceTree = "<group>"; };
		787C165D1B9603570079A634 /* main.m */ = {isa = PBXFileReference; fileEncoding = 4; lastKnownFileType = sourcecode.c.objc; path = main.m; sourceTree = "<group>"; };
		787C16621B9603570079A634 /* IMAboutUsManager.h */ = {isa = PBXFileReference; fileEncoding = 4; lastKnownFileType = sourcecode.c.h; path = IMAboutUsManager.h; sourceTree = "<group>"; };
		787C16631B9603570079A634 /* IMAboutUsManager.m */ = {isa = PBXFileReference; fileEncoding = 4; lastKnownFileType = sourcecode.c.objc; path = IMAboutUsManager.m; sourceTree = "<group>"; };
		787C16641B9603570079A634 /* IMAbstractManager.h */ = {isa = PBXFileReference; fileEncoding = 4; lastKnownFileType = sourcecode.c.h; path = IMAbstractManager.h; sourceTree = "<group>"; };
		787C16651B9603570079A634 /* IMAbstractManager.m */ = {isa = PBXFileReference; fileEncoding = 4; lastKnownFileType = sourcecode.c.objc; path = IMAbstractManager.m; sourceTree = "<group>"; };
		787C16661B9603570079A634 /* IMAddressManager.h */ = {isa = PBXFileReference; fileEncoding = 4; lastKnownFileType = sourcecode.c.h; path = IMAddressManager.h; sourceTree = "<group>"; };
		787C16671B9603570079A634 /* IMAddressManager.m */ = {isa = PBXFileReference; fileEncoding = 4; lastKnownFileType = sourcecode.c.objc; path = IMAddressManager.m; sourceTree = "<group>"; };
		787C16681B9603570079A634 /* IMBonusManager.h */ = {isa = PBXFileReference; fileEncoding = 4; lastKnownFileType = sourcecode.c.h; path = IMBonusManager.h; sourceTree = "<group>"; };
		787C16691B9603570079A634 /* IMBonusManager.m */ = {isa = PBXFileReference; fileEncoding = 4; lastKnownFileType = sourcecode.c.objc; path = IMBonusManager.m; sourceTree = "<group>"; };
		787C166A1B9603570079A634 /* IMCartManager.h */ = {isa = PBXFileReference; fileEncoding = 4; lastKnownFileType = sourcecode.c.h; path = IMCartManager.h; sourceTree = "<group>"; };
		787C166B1B9603570079A634 /* IMCartManager.m */ = {isa = PBXFileReference; fileEncoding = 4; lastKnownFileType = sourcecode.c.objc; path = IMCartManager.m; sourceTree = "<group>"; };
		787C166C1B9603570079A634 /* IMDiscountManager.h */ = {isa = PBXFileReference; fileEncoding = 4; lastKnownFileType = sourcecode.c.h; path = IMDiscountManager.h; sourceTree = "<group>"; };
		787C166D1B9603570079A634 /* IMDiscountManager.m */ = {isa = PBXFileReference; fileEncoding = 4; lastKnownFileType = sourcecode.c.objc; path = IMDiscountManager.m; sourceTree = "<group>"; };
		787C166E1B9603570079A634 /* IMEventManager.h */ = {isa = PBXFileReference; fileEncoding = 4; lastKnownFileType = sourcecode.c.h; path = IMEventManager.h; sourceTree = "<group>"; };
		787C166F1B9603570079A634 /* IMEventManager.m */ = {isa = PBXFileReference; fileEncoding = 4; lastKnownFileType = sourcecode.c.objc; path = IMEventManager.m; sourceTree = "<group>"; };
		787C16701B9603570079A634 /* IMInfoManager.h */ = {isa = PBXFileReference; fileEncoding = 4; lastKnownFileType = sourcecode.c.h; path = IMInfoManager.h; sourceTree = "<group>"; };
		787C16711B9603570079A634 /* IMInfoManager.m */ = {isa = PBXFileReference; fileEncoding = 4; lastKnownFileType = sourcecode.c.objc; path = IMInfoManager.m; sourceTree = "<group>"; };
		787C16721B9603570079A634 /* IMProductManager.h */ = {isa = PBXFileReference; fileEncoding = 4; lastKnownFileType = sourcecode.c.h; path = IMProductManager.h; sourceTree = "<group>"; };
		787C16731B9603570079A634 /* IMProductManager.m */ = {isa = PBXFileReference; fileEncoding = 4; lastKnownFileType = sourcecode.c.objc; path = IMProductManager.m; sourceTree = "<group>"; };
		787C16741B9603570079A634 /* IMSectionManager.h */ = {isa = PBXFileReference; fileEncoding = 4; lastKnownFileType = sourcecode.c.h; path = IMSectionManager.h; sourceTree = "<group>"; };
		787C16751B9603570079A634 /* IMSectionManager.m */ = {isa = PBXFileReference; fileEncoding = 4; lastKnownFileType = sourcecode.c.objc; path = IMSectionManager.m; sourceTree = "<group>"; };
		787C16761B9603570079A634 /* IMUserData.h */ = {isa = PBXFileReference; fileEncoding = 4; lastKnownFileType = sourcecode.c.h; path = IMUserData.h; sourceTree = "<group>"; };
		787C16771B9603570079A634 /* IMUserData.m */ = {isa = PBXFileReference; fileEncoding = 4; lastKnownFileType = sourcecode.c.objc; path = IMUserData.m; sourceTree = "<group>"; };
		787C16791B9603570079A634 /* IMAboutData.h */ = {isa = PBXFileReference; fileEncoding = 4; lastKnownFileType = sourcecode.c.h; path = IMAboutData.h; sourceTree = "<group>"; };
		787C167A1B9603570079A634 /* IMAboutData.m */ = {isa = PBXFileReference; fileEncoding = 4; lastKnownFileType = sourcecode.c.objc; path = IMAboutData.m; sourceTree = "<group>"; };
		787C167B1B9603570079A634 /* IMAddition.h */ = {isa = PBXFileReference; fileEncoding = 4; lastKnownFileType = sourcecode.c.h; path = IMAddition.h; sourceTree = "<group>"; };
		787C167C1B9603570079A634 /* IMAddition.m */ = {isa = PBXFileReference; fileEncoding = 4; lastKnownFileType = sourcecode.c.objc; path = IMAddition.m; sourceTree = "<group>"; };
		787C167D1B9603570079A634 /* IMAddress.h */ = {isa = PBXFileReference; fileEncoding = 4; lastKnownFileType = sourcecode.c.h; path = IMAddress.h; sourceTree = "<group>"; };
		787C167E1B9603570079A634 /* IMAddress.m */ = {isa = PBXFileReference; fileEncoding = 4; lastKnownFileType = sourcecode.c.objc; path = IMAddress.m; sourceTree = "<group>"; };
		787C167F1B9603570079A634 /* IMBonus.h */ = {isa = PBXFileReference; fileEncoding = 4; lastKnownFileType = sourcecode.c.h; path = IMBonus.h; sourceTree = "<group>"; };
		787C16801B9603570079A634 /* IMBonus.m */ = {isa = PBXFileReference; fileEncoding = 4; lastKnownFileType = sourcecode.c.objc; path = IMBonus.m; sourceTree = "<group>"; };
		787C16811B9603570079A634 /* IMDiscount.h */ = {isa = PBXFileReference; fileEncoding = 4; lastKnownFileType = sourcecode.c.h; path = IMDiscount.h; sourceTree = "<group>"; };
		787C16821B9603570079A634 /* IMDiscount.m */ = {isa = PBXFileReference; fileEncoding = 4; lastKnownFileType = sourcecode.c.objc; path = IMDiscount.m; sourceTree = "<group>"; };
		787C16831B9603570079A634 /* IMEvent.h */ = {isa = PBXFileReference; fileEncoding = 4; lastKnownFileType = sourcecode.c.h; path = IMEvent.h; sourceTree = "<group>"; };
		787C16841B9603570079A634 /* IMEvent.m */ = {isa = PBXFileReference; fileEncoding = 4; lastKnownFileType = sourcecode.c.objc; path = IMEvent.m; sourceTree = "<group>"; };
		787C16851B9603570079A634 /* IMItem.h */ = {isa = PBXFileReference; fileEncoding = 4; lastKnownFileType = sourcecode.c.h; path = IMItem.h; sourceTree = "<group>"; };
		787C16861B9603570079A634 /* IMItem.m */ = {isa = PBXFileReference; fileEncoding = 4; lastKnownFileType = sourcecode.c.objc; path = IMItem.m; sourceTree = "<group>"; };
		787C16871B9603570079A634 /* IMProduct.h */ = {isa = PBXFileReference; fileEncoding = 4; lastKnownFileType = sourcecode.c.h; path = IMProduct.h; sourceTree = "<group>"; };
		787C16881B9603570079A634 /* IMProduct.m */ = {isa = PBXFileReference; fileEncoding = 4; lastKnownFileType = sourcecode.c.objc; path = IMProduct.m; sourceTree = "<group>"; };
		787C16891B9603570079A634 /* Section.h */ = {isa = PBXFileReference; fileEncoding = 4; lastKnownFileType = sourcecode.c.h; path = Section.h; sourceTree = "<group>"; };
		787C168A1B9603570079A634 /* Section.m */ = {isa = PBXFileReference; fileEncoding = 4; lastKnownFileType = sourcecode.c.objc; path = Section.m; sourceTree = "<group>"; };
		787C168C1B9603570079A634 /* IMAbstractOperation.h */ = {isa = PBXFileReference; fileEncoding = 4; lastKnownFileType = sourcecode.c.h; path = IMAbstractOperation.h; sourceTree = "<group>"; };
		787C168D1B9603570079A634 /* IMAbstractOperation.m */ = {isa = PBXFileReference; fileEncoding = 4; lastKnownFileType = sourcecode.c.objc; path = IMAbstractOperation.m; sourceTree = "<group>"; };
		787C168E1B9603570079A634 /* IMOperation.h */ = {isa = PBXFileReference; fileEncoding = 4; lastKnownFileType = sourcecode.c.h; path = IMOperation.h; sourceTree = "<group>"; };
		787C168F1B9603570079A634 /* IMOperation.m */ = {isa = PBXFileReference; fileEncoding = 4; lastKnownFileType = sourcecode.c.objc; path = IMOperation.m; sourceTree = "<group>"; };
		787C16901B9603570079A634 /* IMOperationCheckBonuses.h */ = {isa = PBXFileReference; fileEncoding = 4; lastKnownFileType = sourcecode.c.h; path = IMOperationCheckBonuses.h; sourceTree = "<group>"; };
		787C16911B9603570079A634 /* IMOperationCheckBonuses.m */ = {isa = PBXFileReference; fileEncoding = 4; lastKnownFileType = sourcecode.c.objc; path = IMOperationCheckBonuses.m; sourceTree = "<group>"; };
		787C16921B9603570079A634 /* IMOperationParse.h */ = {isa = PBXFileReference; fileEncoding = 4; lastKnownFileType = sourcecode.c.h; path = IMOperationParse.h; sourceTree = "<group>"; };
		787C16931B9603570079A634 /* IMOperationParse.m */ = {isa = PBXFileReference; fileEncoding = 4; lastKnownFileType = sourcecode.c.objc; path = IMOperationParse.m; sourceTree = "<group>"; };
		787C16941B9603570079A634 /* IMOperationRequestCardDiscount.h */ = {isa = PBXFileReference; fileEncoding = 4; lastKnownFileType = sourcecode.c.h; path = IMOperationRequestCardDiscount.h; sourceTree = "<group>"; };
		787C16951B9603570079A634 /* IMOperationRequestCardDiscount.m */ = {isa = PBXFileReference; fileEncoding = 4; lastKnownFileType = sourcecode.c.objc; path = IMOperationRequestCardDiscount.m; sourceTree = "<group>"; };
		787C16961B9603570079A634 /* IMOperationRequestDiscount.h */ = {isa = PBXFileReference; fileEncoding = 4; lastKnownFileType = sourcecode.c.h; path = IMOperationRequestDiscount.h; sourceTree = "<group>"; };
		787C16971B9603570079A634 /* IMOperationRequestDiscount.m */ = {isa = PBXFileReference; fileEncoding = 4; lastKnownFileType = sourcecode.c.objc; path = IMOperationRequestDiscount.m; sourceTree = "<group>"; };
		787C16981B9603570079A634 /* IMOperationSendOrder.h */ = {isa = PBXFileReference; fileEncoding = 4; lastKnownFileType = sourcecode.c.h; path = IMOperationSendOrder.h; sourceTree = "<group>"; };
		787C16991B9603570079A634 /* IMOperationSendOrder.m */ = {isa = PBXFileReference; fileEncoding = 4; lastKnownFileType = sourcecode.c.objc; path = IMOperationSendOrder.m; sourceTree = "<group>"; };
		787C169B1B9603570079A634 /* IMAboutUsParser.h */ = {isa = PBXFileReference; fileEncoding = 4; lastKnownFileType = sourcecode.c.h; path = IMAboutUsParser.h; sourceTree = "<group>"; };
		787C169C1B9603570079A634 /* IMAboutUsParser.m */ = {isa = PBXFileReference; fileEncoding = 4; lastKnownFileType = sourcecode.c.objc; path = IMAboutUsParser.m; sourceTree = "<group>"; };
		787C169D1B9603570079A634 /* IMAbstractParser.h */ = {isa = PBXFileReference; fileEncoding = 4; lastKnownFileType = sourcecode.c.h; path = IMAbstractParser.h; sourceTree = "<group>"; };
		787C169E1B9603570079A634 /* IMAbstractParser.m */ = {isa = PBXFileReference; fileEncoding = 4; lastKnownFileType = sourcecode.c.objc; path = IMAbstractParser.m; sourceTree = "<group>"; };
		787C169F1B9603570079A634 /* IMAddressParser.h */ = {isa = PBXFileReference; fileEncoding = 4; lastKnownFileType = sourcecode.c.h; path = IMAddressParser.h; sourceTree = "<group>"; };
		787C16A01B9603570079A634 /* IMAddressParser.m */ = {isa = PBXFileReference; fileEncoding = 4; lastKnownFileType = sourcecode.c.objc; path = IMAddressParser.m; sourceTree = "<group>"; };
		787C16A11B9603570079A634 /* IMBonusParser.h */ = {isa = PBXFileReference; fileEncoding = 4; lastKnownFileType = sourcecode.c.h; path = IMBonusParser.h; sourceTree = "<group>"; };
		787C16A21B9603570079A634 /* IMBonusParser.m */ = {isa = PBXFileReference; fileEncoding = 4; lastKnownFileType = sourcecode.c.objc; path = IMBonusParser.m; sourceTree = "<group>"; };
		787C16A31B9603570079A634 /* IMDiscountParser.h */ = {isa = PBXFileReference; fileEncoding = 4; lastKnownFileType = sourcecode.c.h; path = IMDiscountParser.h; sourceTree = "<group>"; };
		787C16A41B9603570079A634 /* IMDiscountParser.m */ = {isa = PBXFileReference; fileEncoding = 4; lastKnownFileType = sourcecode.c.objc; path = IMDiscountParser.m; sourceTree = "<group>"; };
		787C16A51B9603570079A634 /* IMEventParser.h */ = {isa = PBXFileReference; fileEncoding = 4; lastKnownFileType = sourcecode.c.h; path = IMEventParser.h; sourceTree = "<group>"; };
		787C16A61B9603570079A634 /* IMEventParser.m */ = {isa = PBXFileReference; fileEncoding = 4; lastKnownFileType = sourcecode.c.objc; path = IMEventParser.m; sourceTree = "<group>"; };
		787C16A71B9603570079A634 /* IMInfoParser.h */ = {isa = PBXFileReference; fileEncoding = 4; lastKnownFileType = sourcecode.c.h; path = IMInfoParser.h; sourceTree = "<group>"; };
		787C16A81B9603570079A634 /* IMInfoParser.m */ = {isa = PBXFileReference; fileEncoding = 4; lastKnownFileType = sourcecode.c.objc; path = IMInfoParser.m; sourceTree = "<group>"; };
		787C16A91B9603570079A634 /* IMProductParser.h */ = {isa = PBXFileReference; fileEncoding = 4; lastKnownFileType = sourcecode.c.h; path = IMProductParser.h; sourceTree = "<group>"; };
		787C16AA1B9603570079A634 /* IMProductParser.m */ = {isa = PBXFileReference; fileEncoding = 4; lastKnownFileType = sourcecode.c.objc; path = IMProductParser.m; sourceTree = "<group>"; };
		787C16AC1B9603570079A634 /* IMPaymentSystemPayOnline.h */ = {isa = PBXFileReference; fileEncoding = 4; lastKnownFileType = sourcecode.c.h; path = IMPaymentSystemPayOnline.h; sourceTree = "<group>"; };
		787C16AD1B9603570079A634 /* IMPaymentSystemPayOnline.m */ = {isa = PBXFileReference; fileEncoding = 4; lastKnownFileType = sourcecode.c.objc; path = IMPaymentSystemPayOnline.m; sourceTree = "<group>"; };
		787C16AF1B9603570079A634 /* SCRFTPRequest.h */ = {isa = PBXFileReference; fileEncoding = 4; lastKnownFileType = sourcecode.c.h; path = SCRFTPRequest.h; sourceTree = "<group>"; };
		787C16B01B9603570079A634 /* SCRFTPRequest.m */ = {isa = PBXFileReference; fileEncoding = 4; lastKnownFileType = sourcecode.c.objc; path = SCRFTPRequest.m; sourceTree = "<group>"; };
		787C16B11B9603570079A634 /* Tools.h */ = {isa = PBXFileReference; fileEncoding = 4; lastKnownFileType = sourcecode.c.h; path = Tools.h; sourceTree = "<group>"; };
		787C16B21B9603570079A634 /* Tools.m */ = {isa = PBXFileReference; fileEncoding = 4; lastKnownFileType = sourcecode.c.objc; path = Tools.m; sourceTree = "<group>"; };
		787C16B31B9603570079A634 /* XMLOrderCreator.h */ = {isa = PBXFileReference; fileEncoding = 4; lastKnownFileType = sourcecode.c.h; path = XMLOrderCreator.h; sourceTree = "<group>"; };
		787C16B41B9603570079A634 /* XMLOrderCreator.m */ = {isa = PBXFileReference; fileEncoding = 4; lastKnownFileType = sourcecode.c.objc; path = XMLOrderCreator.m; sourceTree = "<group>"; };
		787C16B51B9603570079A634 /* XMLWriter.h */ = {isa = PBXFileReference; fileEncoding = 4; lastKnownFileType = sourcecode.c.h; path = XMLWriter.h; sourceTree = "<group>"; };
		787C16B61B9603570079A634 /* XMLWriter.m */ = {isa = PBXFileReference; fileEncoding = 4; lastKnownFileType = sourcecode.c.objc; path = XMLWriter.m; sourceTree = "<group>"; };
		787C16B81B9603570079A634 /* IMButtonEffect.h */ = {isa = PBXFileReference; fileEncoding = 4; lastKnownFileType = sourcecode.c.h; path = IMButtonEffect.h; sourceTree = "<group>"; };
		787C16B91B9603570079A634 /* IMButtonEffect.m */ = {isa = PBXFileReference; fileEncoding = 4; lastKnownFileType = sourcecode.c.objc; path = IMButtonEffect.m; sourceTree = "<group>"; };
		787C16BA1B9603570079A634 /* IMCustomLabel.h */ = {isa = PBXFileReference; fileEncoding = 4; lastKnownFileType = sourcecode.c.h; path = IMCustomLabel.h; sourceTree = "<group>"; };
		787C16BB1B9603570079A634 /* IMCustomLabel.m */ = {isa = PBXFileReference; fileEncoding = 4; lastKnownFileType = sourcecode.c.objc; path = IMCustomLabel.m; sourceTree = "<group>"; };
		787C16BC1B9603570079A634 /* IMFont.h */ = {isa = PBXFileReference; fileEncoding = 4; lastKnownFileType = sourcecode.c.h; path = IMFont.h; sourceTree = "<group>"; };
		787C16BD1B9603570079A634 /* IMFont.m */ = {isa = PBXFileReference; fileEncoding = 4; lastKnownFileType = sourcecode.c.objc; path = IMFont.m; sourceTree = "<group>"; };
		787C16BE1B9603570079A634 /* IMLabel.h */ = {isa = PBXFileReference; fileEncoding = 4; lastKnownFileType = sourcecode.c.h; path = IMLabel.h; sourceTree = "<group>"; };
		787C16BF1B9603570079A634 /* IMLabel.m */ = {isa = PBXFileReference; fileEncoding = 4; lastKnownFileType = sourcecode.c.objc; path = IMLabel.m; sourceTree = "<group>"; };
		787C16C01B9603570079A634 /* IMStepper.h */ = {isa = PBXFileReference; fileEncoding = 4; lastKnownFileType = sourcecode.c.h; path = IMStepper.h; sourceTree = "<group>"; };
		787C16C11B9603570079A634 /* IMStepper.m */ = {isa = PBXFileReference; fileEncoding = 4; lastKnownFileType = sourcecode.c.objc; path = IMStepper.m; sourceTree = "<group>"; };
		787C16C21B9603570079A634 /* SegueFlipPopToRoot.h */ = {isa = PBXFileReference; fileEncoding = 4; lastKnownFileType = sourcecode.c.h; path = SegueFlipPopToRoot.h; sourceTree = "<group>"; };
		787C16C31B9603570079A634 /* SegueFlipPopToRoot.m */ = {isa = PBXFileReference; fileEncoding = 4; lastKnownFileType = sourcecode.c.objc; path = SegueFlipPopToRoot.m; sourceTree = "<group>"; };
		787C16C51B9603570079A634 /* IMBonusViewCell.h */ = {isa = PBXFileReference; fileEncoding = 4; lastKnownFileType = sourcecode.c.h; path = IMBonusViewCell.h; sourceTree = "<group>"; };
		787C16C61B9603570079A634 /* IMBonusViewCell.m */ = {isa = PBXFileReference; fileEncoding = 4; lastKnownFileType = sourcecode.c.objc; path = IMBonusViewCell.m; sourceTree = "<group>"; };
		787C16C71B9603570079A634 /* IMCartAdditionViewCell.h */ = {isa = PBXFileReference; fileEncoding = 4; lastKnownFileType = sourcecode.c.h; path = IMCartAdditionViewCell.h; sourceTree = "<group>"; };
		787C16C81B9603570079A634 /* IMCartAdditionViewCell.m */ = {isa = PBXFileReference; fileEncoding = 4; lastKnownFileType = sourcecode.c.objc; path = IMCartAdditionViewCell.m; sourceTree = "<group>"; };
		787C16C91B9603570079A634 /* IMCartProductCell.h */ = {isa = PBXFileReference; fileEncoding = 4; lastKnownFileType = sourcecode.c.h; path = IMCartProductCell.h; sourceTree = "<group>"; };
		787C16CA1B9603570079A634 /* IMCartProductCell.m */ = {isa = PBXFileReference; fileEncoding = 4; lastKnownFileType = sourcecode.c.objc; path = IMCartProductCell.m; sourceTree = "<group>"; };
		787C16CB1B9603570079A634 /* IMEventViewCell.h */ = {isa = PBXFileReference; fileEncoding = 4; lastKnownFileType = sourcecode.c.h; path = IMEventViewCell.h; sourceTree = "<group>"; };
		787C16CC1B9603570079A634 /* IMEventViewCell.m */ = {isa = PBXFileReference; fileEncoding = 4; lastKnownFileType = sourcecode.c.objc; path = IMEventViewCell.m; sourceTree = "<group>"; };
		787C16CD1B9603570079A634 /* IMHeaderViewCell.h */ = {isa = PBXFileReference; fileEncoding = 4; lastKnownFileType = sourcecode.c.h; path = IMHeaderViewCell.h; sourceTree = "<group>"; };
		787C16CE1B9603570079A634 /* IMHeaderViewCell.m */ = {isa = PBXFileReference; fileEncoding = 4; lastKnownFileType = sourcecode.c.objc; path = IMHeaderViewCell.m; sourceTree = "<group>"; };
		787C16CF1B9603570079A634 /* IMProductGridCell.h */ = {isa = PBXFileReference; fileEncoding = 4; lastKnownFileType = sourcecode.c.h; path = IMProductGridCell.h; sourceTree = "<group>"; };
		787C16D01B9603570079A634 /* IMProductGridCell.m */ = {isa = PBXFileReference; fileEncoding = 4; lastKnownFileType = sourcecode.c.objc; path = IMProductGridCell.m; sourceTree = "<group>"; };
		787C16D11B9603570079A634 /* IMProductViewCell.h */ = {isa = PBXFileReference; fileEncoding = 4; lastKnownFileType = sourcecode.c.h; path = IMProductViewCell.h; sourceTree = "<group>"; };
		787C16D21B9603570079A634 /* IMProductViewCell.m */ = {isa = PBXFileReference; fileEncoding = 4; lastKnownFileType = sourcecode.c.objc; path = IMProductViewCell.m; sourceTree = "<group>"; };
		787C16D31B9603570079A634 /* IMRestarauntViewCell.h */ = {isa = PBXFileReference; fileEncoding = 4; lastKnownFileType = sourcecode.c.h; path = IMRestarauntViewCell.h; sourceTree = "<group>"; };
		787C16D41B9603570079A634 /* IMRestarauntViewCell.m */ = {isa = PBXFileReference; fileEncoding = 4; lastKnownFileType = sourcecode.c.objc; path = IMRestarauntViewCell.m; sourceTree = "<group>"; };
		787C16D51B9603570079A634 /* IMSectionViewCell.h */ = {isa = PBXFileReference; fileEncoding = 4; lastKnownFileType = sourcecode.c.h; path = IMSectionViewCell.h; sourceTree = "<group>"; };
		787C16D61B9603570079A634 /* IMSectionViewCell.m */ = {isa = PBXFileReference; fileEncoding = 4; lastKnownFileType = sourcecode.c.objc; path = IMSectionViewCell.m; sourceTree = "<group>"; };
		787C16D81B9603570079A634 /* AsyncImageView.h */ = {isa = PBXFileReference; fileEncoding = 4; lastKnownFileType = sourcecode.c.h; path = AsyncImageView.h; sourceTree = "<group>"; };
		787C16D91B9603570079A634 /* AsyncImageView.m */ = {isa = PBXFileReference; fileEncoding = 4; lastKnownFileType = sourcecode.c.objc; path = AsyncImageView.m; sourceTree = "<group>"; };
		787C16DA1B9603570079A634 /* KASlideShow.h */ = {isa = PBXFileReference; fileEncoding = 4; lastKnownFileType = sourcecode.c.h; path = KASlideShow.h; sourceTree = "<group>"; };
		787C16DB1B9603570079A634 /* KASlideShow.m */ = {isa = PBXFileReference; fileEncoding = 4; lastKnownFileType = sourcecode.c.objc; path = KASlideShow.m; sourceTree = "<group>"; };
		787C16DC1B9603570079A634 /* PageItemController.h */ = {isa = PBXFileReference; fileEncoding = 4; lastKnownFileType = sourcecode.c.h; path = PageItemController.h; sourceTree = "<group>"; };
		787C16DD1B9603570079A634 /* PageItemController.m */ = {isa = PBXFileReference; fileEncoding = 4; lastKnownFileType = sourcecode.c.objc; path = PageItemController.m; sourceTree = "<group>"; };
		787C16DE1B9603570079A634 /* UIImage+Helpers.h */ = {isa = PBXFileReference; fileEncoding = 4; lastKnownFileType = sourcecode.c.h; path = "UIImage+Helpers.h"; sourceTree = "<group>"; };
		787C16DF1B9603570079A634 /* UIImage+Helpers.m */ = {isa = PBXFileReference; fileEncoding = 4; lastKnownFileType = sourcecode.c.objc; path = "UIImage+Helpers.m"; sourceTree = "<group>"; };
		ACCEB702BC3AE318DB274417 /* Pods.debug.xcconfig */ = {isa = PBXFileReference; includeInIndex = 1; lastKnownFileType = text.xcconfig; name = Pods.debug.xcconfig; path = "Pods/Target Support Files/Pods/Pods.debug.xcconfig"; sourceTree = "<group>"; };
		B5AFF82273C0CC3D0BB6B2C0 /* libPods.a */ = {isa = PBXFileReference; explicitFileType = archive.ar; includeInIndex = 0; path = libPods.a; sourceTree = BUILT_PRODUCTS_DIR; };
		B6BC2E3C4658ABE3187F24E0 /* Pods.release.xcconfig */ = {isa = PBXFileReference; includeInIndex = 1; lastKnownFileType = text.xcconfig; name = Pods.release.xcconfig; path = "Pods/Target Support Files/Pods/Pods.release.xcconfig"; sourceTree = "<group>"; };
		D018A4651B4FD61E0022D0D6 /* libPods.a */ = {isa = PBXFileReference; lastKnownFileType = archive.ar; name = libPods.a; path = "Pods/../build/Debug-iphoneos/libPods.a"; sourceTree = "<group>"; };
		D018A4671B4FD6250022D0D6 /* libPods-ActionSheetPicker-3.0.a */ = {isa = PBXFileReference; lastKnownFileType = archive.ar; name = "libPods-ActionSheetPicker-3.0.a"; path = "Pods/../build/Debug-iphoneos/libPods-ActionSheetPicker-3.0.a"; sourceTree = "<group>"; };
		D02D7A371B1D756300226CAF /* icon.png */ = {isa = PBXFileReference; lastKnownFileType = image.png; path = icon.png; sourceTree = "<group>"; };
		D02D7A381B1D756300226CAF /* icon@2x.png */ = {isa = PBXFileReference; lastKnownFileType = image.png; path = "icon@2x.png"; sourceTree = "<group>"; };
		D02D7A391B1D756300226CAF /* iconIpad.png */ = {isa = PBXFileReference; lastKnownFileType = image.png; path = iconIpad.png; sourceTree = "<group>"; };
		D02D7A3A1B1D756300226CAF /* iconIpad@2x.png */ = {isa = PBXFileReference; lastKnownFileType = image.png; path = "iconIpad@2x.png"; sourceTree = "<group>"; };
		D02D7A4B1B1D79D500226CAF /* InuwaCatalog.xcassets */ = {isa = PBXFileReference; lastKnownFileType = folder.assetcatalog; path = InuwaCatalog.xcassets; sourceTree = "<group>"; };
		D02D7AB91B1D906C00226CAF /* LabelFont.ttf */ = {isa = PBXFileReference; fileEncoding = 4; lastKnownFileType = text; path = LabelFont.ttf; sourceTree = "<group>"; };
		D02D7ABA1B1D906C00226CAF /* Location_01.png */ = {isa = PBXFileReference; lastKnownFileType = image.png; path = Location_01.png; sourceTree = "<group>"; };
		D02D7ABB1B1D906C00226CAF /* marker.png */ = {isa = PBXFileReference; lastKnownFileType = image.png; path = marker.png; sourceTree = "<group>"; };
		D02D7ABC1B1D906C00226CAF /* Ruble_sign.png */ = {isa = PBXFileReference; lastKnownFileType = image.png; path = Ruble_sign.png; sourceTree = "<group>"; };
		D0318CD61B4BFE13005DBCA4 /* AFBlurSegue.h */ = {isa = PBXFileReference; fileEncoding = 4; lastKnownFileType = sourcecode.c.h; path = AFBlurSegue.h; sourceTree = "<group>"; };
		D0318CD71B4BFE13005DBCA4 /* AFBlurSegue.m */ = {isa = PBXFileReference; fileEncoding = 4; lastKnownFileType = sourcecode.c.objc; path = AFBlurSegue.m; sourceTree = "<group>"; };
		D0318CD81B4BFE13005DBCA4 /* UIImage+ImageEffects.h */ = {isa = PBXFileReference; fileEncoding = 4; lastKnownFileType = sourcecode.c.h; path = "UIImage+ImageEffects.h"; sourceTree = "<group>"; };
		D0318CD91B4BFE13005DBCA4 /* UIImage+ImageEffects.m */ = {isa = PBXFileReference; fileEncoding = 4; lastKnownFileType = sourcecode.c.objc; path = "UIImage+ImageEffects.m"; sourceTree = "<group>"; };
		D03C19801B4FE02400C4A6A7 /* KidSize copy.app */ = {isa = PBXFileReference; explicitFileType = wrapper.application; includeInIndex = 0; path = "KidSize copy.app"; sourceTree = BUILT_PRODUCTS_DIR; };
		D04004321B4AA4B0005099CA /* libPayOnlineSdk.a */ = {isa = PBXFileReference; lastKnownFileType = archive.ar; path = libPayOnlineSdk.a; sourceTree = "<group>"; };
		D04004371B4AA4DE005099CA /* PayOnlineConfiguration.h */ = {isa = PBXFileReference; fileEncoding = 4; lastKnownFileType = sourcecode.c.h; path = PayOnlineConfiguration.h; sourceTree = "<group>"; };
		D04004381B4AA4DE005099CA /* PayOnlineDelegate.h */ = {isa = PBXFileReference; fileEncoding = 4; lastKnownFileType = sourcecode.c.h; path = PayOnlineDelegate.h; sourceTree = "<group>"; };
		D04004391B4AA4DE005099CA /* PayOnlineError.h */ = {isa = PBXFileReference; fileEncoding = 4; lastKnownFileType = sourcecode.c.h; path = PayOnlineError.h; sourceTree = "<group>"; };
		D040043A1B4AA4DE005099CA /* PayOnlinePayRequest.h */ = {isa = PBXFileReference; fileEncoding = 4; lastKnownFileType = sourcecode.c.h; path = PayOnlinePayRequest.h; sourceTree = "<group>"; };
		D040043B1B4AA4DE005099CA /* PayOnlinePayResponse.h */ = {isa = PBXFileReference; fileEncoding = 4; lastKnownFileType = sourcecode.c.h; path = PayOnlinePayResponse.h; sourceTree = "<group>"; };
		D040043C1B4AA4DE005099CA /* PayOnlineProcessing.h */ = {isa = PBXFileReference; fileEncoding = 4; lastKnownFileType = sourcecode.c.h; path = PayOnlineProcessing.h; sourceTree = "<group>"; };
		D040043D1B4AA4DE005099CA /* PayOnlineThreeDsData.h */ = {isa = PBXFileReference; fileEncoding = 4; lastKnownFileType = sourcecode.c.h; path = PayOnlineThreeDsData.h; sourceTree = "<group>"; };
		D08478911B5E0BFB0003FDF1 /* ic_image.png */ = {isa = PBXFileReference; lastKnownFileType = image.png; name = ic_image.png; path = ../../../../Frameworks/ic_image.png; sourceTree = "<group>"; };
		D0E385391B3AA41400867487 /* backgound.png */ = {isa = PBXFileReference; lastKnownFileType = image.png; path = backgound.png; sourceTree = "<group>"; };
		D0E3E49B1B31521200CBF2DE /* iPad.storyboard */ = {isa = PBXFileReference; fileEncoding = 4; lastKnownFileType = file.storyboard; path = iPad.storyboard; sourceTree = SOURCE_ROOT; };
		D0E6C3E61B1C7E7600056B8F /* Colors.plist */ = {isa = PBXFileReference; lastKnownFileType = text.plist.xml; path = Colors.plist; sourceTree = "<group>"; };
		D0E6C3E71B1C7E7600056B8F /* FTP.plist */ = {isa = PBXFileReference; lastKnownFileType = text.plist.xml; path = FTP.plist; sourceTree = "<group>"; };
		D0E6C3E81B1C7E7600056B8F /* InuwaCatalog.plist */ = {isa = PBXFileReference; lastKnownFileType = text.plist.xml; name = InuwaCatalog.plist; path = Delivery/ApplicationResources/InuwaCatalog/Data/InuwaCatalog.plist; sourceTree = SOURCE_ROOT; };
		D0E6C3E91B1C7E7600056B8F /* URL.plist */ = {isa = PBXFileReference; lastKnownFileType = text.plist.xml; path = URL.plist; sourceTree = "<group>"; };
		D0E6C3F01B1C7E7600056B8F /* 1242-2208.png */ = {isa = PBXFileReference; lastKnownFileType = image.png; path = "1242-2208.png"; sourceTree = "<group>"; };
		D0E6C3F11B1C7E7600056B8F /* Splash.png */ = {isa = PBXFileReference; lastKnownFileType = image.png; path = Splash.png; sourceTree = "<group>"; };
		D0E6C3F21B1C7E7600056B8F /* 750-1334.png */ = {isa = PBXFileReference; lastKnownFileType = image.png; path = "750-1334.png"; sourceTree = "<group>"; };
		D0E6C3F31B1C7E7600056B8F /* 960-640-1.png */ = {isa = PBXFileReference; lastKnownFileType = image.png; path = "960-640-1.png"; sourceTree = "<group>"; };
		D0E6C3F41B1C7E7600056B8F /* 960-640.png */ = {isa = PBXFileReference; lastKnownFileType = image.png; path = "960-640.png"; sourceTree = "<group>"; };
		D0E896341B543A1A00D89A73 /* 180.png */ = {isa = PBXFileReference; lastKnownFileType = image.png; path = 180.png; sourceTree = "<group>"; };
		D0E896351B543A1A00D89A73 /* 228.png */ = {isa = PBXFileReference; lastKnownFileType = image.png; path = 228.png; sourceTree = "<group>"; };
		D0E8963B1B543D1F00D89A73 /* 768-1024.png */ = {isa = PBXFileReference; lastKnownFileType = image.png; path = "768-1024.png"; sourceTree = "<group>"; };
		D0E8963E1B543D3400D89A73 /* 640-1136.png */ = {isa = PBXFileReference; lastKnownFileType = image.png; path = "640-1136.png"; sourceTree = "<group>"; };
		D0E896411B543E8900D89A73 /* 1536-2048.png */ = {isa = PBXFileReference; lastKnownFileType = image.png; path = "1536-2048.png"; sourceTree = "<group>"; };
		E81E34C61A3865DA00FF0622 /* Foundation.framework */ = {isa = PBXFileReference; lastKnownFileType = wrapper.framework; name = Foundation.framework; path = System/Library/Frameworks/Foundation.framework; sourceTree = SDKROOT; };
		E81E34C81A3865DA00FF0622 /* CoreGraphics.framework */ = {isa = PBXFileReference; lastKnownFileType = wrapper.framework; name = CoreGraphics.framework; path = System/Library/Frameworks/CoreGraphics.framework; sourceTree = SDKROOT; };
		E81E34CA1A3865DA00FF0622 /* UIKit.framework */ = {isa = PBXFileReference; lastKnownFileType = wrapper.framework; name = UIKit.framework; path = System/Library/Frameworks/UIKit.framework; sourceTree = SDKROOT; };
		E81E34D01A3865DA00FF0622 /* en */ = {isa = PBXFileReference; lastKnownFileType = text.plist.strings; name = en; path = en.lproj/InfoPlist.strings; sourceTree = "<group>"; };
		E81E34D41A3865DA00FF0622 /* Delivery-Prefix.pch */ = {isa = PBXFileReference; lastKnownFileType = sourcecode.c.h; path = "Delivery-Prefix.pch"; sourceTree = "<group>"; };
		E81E34E81A3865DA00FF0622 /* XCTest.framework */ = {isa = PBXFileReference; lastKnownFileType = wrapper.framework; name = XCTest.framework; path = Library/Frameworks/XCTest.framework; sourceTree = DEVELOPER_DIR; };
		E81E34F21A3865DA00FF0622 /* en */ = {isa = PBXFileReference; lastKnownFileType = text.plist.strings; name = en; path = en.lproj/InfoPlist.strings; sourceTree = "<group>"; };
		E81E34F41A3865DA00FF0622 /* DeliveryTests.m */ = {isa = PBXFileReference; lastKnownFileType = sourcecode.c.objc; path = DeliveryTests.m; sourceTree = "<group>"; };
		E84CB8E11AB1B018001CDD76 /* iPhone.storyboard */ = {isa = PBXFileReference; fileEncoding = 4; lastKnownFileType = file.storyboard; name = iPhone.storyboard; path = ../iPhone.storyboard; sourceTree = "<group>"; };
/* End PBXFileReference section */

/* Begin PBXFrameworksBuildPhase section */
		D03C195F1B4FE02400C4A6A7 /* Frameworks */ = {
			isa = PBXFrameworksBuildPhase;
			buildActionMask = 2147483647;
			files = (
				D03C19601B4FE02400C4A6A7 /* CoreGraphics.framework in Frameworks */,
				D03C19611B4FE02400C4A6A7 /* UIKit.framework in Frameworks */,
				D03C19621B4FE02400C4A6A7 /* libPayOnlineSdk.a in Frameworks */,
				D03C19631B4FE02400C4A6A7 /* Foundation.framework in Frameworks */,
				D03C19641B4FE02400C4A6A7 /* libPods.a in Frameworks */,
			);
			runOnlyForDeploymentPostprocessing = 0;
		};
/* End PBXFrameworksBuildPhase section */

/* Begin PBXGroup section */
		787C161C1B9603570079A634 /* Source */ = {
			isa = PBXGroup;
			children = (
				787C161D1B9603570079A634 /* Controllers */,
				787C16581B9603570079A634 /* Core */,
				787C165D1B9603570079A634 /* main.m */,
				787C165E1B9603570079A634 /* Model */,
				787C16AE1B9603570079A634 /* Tools */,
				787C16B71B9603570079A634 /* UI */,
				787C16C41B9603570079A634 /* Views */,
			);
			path = Source;
			sourceTree = "<group>";
		};
		787C161D1B9603570079A634 /* Controllers */ = {
			isa = PBXGroup;
			children = (
				787C161E1B9603570079A634 /* GridControllers */,
				787C16231B9603570079A634 /* IMAboutUsController.h */,
				787C16241B9603570079A634 /* IMAboutUsController.m */,
				787C16251B9603570079A634 /* IMAddressDetailController.h */,
				787C16261B9603570079A634 /* IMAddressDetailController.m */,
				787C16271B9603570079A634 /* IMAddressViewController.h */,
				787C16281B9603570079A634 /* IMAddressViewController.m */,
				787C16291B9603570079A634 /* IMCartViewController.h */,
				787C162A1B9603570079A634 /* IMCartViewController.m */,
				787C162B1B9603570079A634 /* IMDeliveryInformationController.h */,
				787C162C1B9603570079A634 /* IMDeliveryInformationController.m */,
				787C162D1B9603570079A634 /* IMDiscountCardController.h */,
				787C162E1B9603570079A634 /* IMDiscountCardController.m */,
				787C162F1B9603570079A634 /* IMDrawerController.h */,
				787C16301B9603570079A634 /* IMDrawerController.m */,
				787C16311B9603570079A634 /* IMEventDetailController.h */,
				787C16321B9603570079A634 /* IMEventDetailController.m */,
				787C16331B9603570079A634 /* IMEventViewController.h */,
				787C16341B9603570079A634 /* IMEventViewController.m */,
				787C16351B9603570079A634 /* IMFormViewController.h */,
				787C16361B9603570079A634 /* IMFormViewController.m */,
				787C16371B9603570079A634 /* IMLoadingViewController.h */,
				787C16381B9603570079A634 /* IMLoadingViewController.m */,
				787C16391B9603570079A634 /* IMOrderSendingController.h */,
				787C163A1B9603570079A634 /* IMOrderSendingController.m */,
				787C163B1B9603570079A634 /* IMPaymentFormViewController.h */,
				787C163C1B9603570079A634 /* IMPaymentFormViewController.m */,
				787C163D1B9603570079A634 /* IMProductDetailController.h */,
				787C163E1B9603570079A634 /* IMProductDetailController.m */,
				787C163F1B9603570079A634 /* IMProductDetailPageController.h */,
				787C16401B9603570079A634 /* IMProductDetailPageController.m */,
				787C16411B9603570079A634 /* IMProductsViewPagerController.h */,
				787C16421B9603570079A634 /* IMProductsViewPagerController.m */,
				787C16431B9603570079A634 /* IMProductViewController.h */,
				787C16441B9603570079A634 /* IMProductViewController.m */,
				787C16451B9603570079A634 /* IMSlideDrawerController.h */,
				787C16461B9603570079A634 /* IMSlideDrawerController.m */,
				787C16471B9603570079A634 /* IMUserInfoController.h */,
				787C16481B9603570079A634 /* IMUserInfoController.m */,
				787C16491B9603570079A634 /* IMViewController.h */,
				787C164A1B9603570079A634 /* IMViewController.m */,
				787C164B1B9603570079A634 /* iPadRelated */,
				787C16541B9603570079A634 /* PageItemController.h */,
				787C16551B9603570079A634 /* PageItemController.m */,
				787C16561B9603570079A634 /* ViewController.h */,
				787C16571B9603570079A634 /* ViewController.m */,
			);
			path = Controllers;
			sourceTree = "<group>";
		};
		787C161E1B9603570079A634 /* GridControllers */ = {
			isa = PBXGroup;
			children = (
				787C161F1B9603570079A634 /* DetailViewController.h */,
				787C16201B9603570079A634 /* DetailViewController.m */,
				787C16211B9603570079A634 /* GridController.h */,
				787C16221B9603570079A634 /* GridController.m */,
			);
			path = GridControllers;
			sourceTree = "<group>";
		};
		787C164B1B9603570079A634 /* iPadRelated */ = {
			isa = PBXGroup;
			children = (
				787C164C1B9603570079A634 /* IMBonusDetailsViewController.h */,
				787C164D1B9603570079A634 /* IMBonusDetailsViewController.m */,
				787C164E1B9603570079A634 /* IMBonusViewController.h */,
				787C164F1B9603570079A634 /* IMBonusViewController.m */,
				787C16501B9603570079A634 /* IMSplitViewController.h */,
				787C16511B9603570079A634 /* IMSplitViewController.m */,
				787C16521B9603570079A634 /* IMTransitionsManager.h */,
				787C16531B9603570079A634 /* IMTransitionsManager.m */,
			);
			path = iPadRelated;
			sourceTree = "<group>";
		};
		787C16581B9603570079A634 /* Core */ = {
			isa = PBXGroup;
			children = (
				787C16591B9603570079A634 /* Generic.h */,
				787C165A1B9603570079A634 /* IMAppDelegate.h */,
				787C165B1B9603570079A634 /* IMAppDelegate.m */,
				787C165C1B9603570079A634 /* Protocols.h */,
			);
			path = Core;
			sourceTree = "<group>";
		};
		787C165E1B9603570079A634 /* Model */ = {
			isa = PBXGroup;
			children = (
				787C16611B9603570079A634 /* ObjectManagers */,
				787C16781B9603570079A634 /* Objects */,
				787C168B1B9603570079A634 /* Operations */,
				787C169A1B9603570079A634 /* Parsers */,
				787C16AB1B9603570079A634 /* PaymentSystem */,
			);
			path = Model;
			sourceTree = "<group>";
		};
		787C16611B9603570079A634 /* ObjectManagers */ = {
			isa = PBXGroup;
			children = (
				787C16621B9603570079A634 /* IMAboutUsManager.h */,
				787C16631B9603570079A634 /* IMAboutUsManager.m */,
				787C16641B9603570079A634 /* IMAbstractManager.h */,
				787C16651B9603570079A634 /* IMAbstractManager.m */,
				787C16661B9603570079A634 /* IMAddressManager.h */,
				787C16671B9603570079A634 /* IMAddressManager.m */,
				787C16681B9603570079A634 /* IMBonusManager.h */,
				787C16691B9603570079A634 /* IMBonusManager.m */,
				787C166A1B9603570079A634 /* IMCartManager.h */,
				787C166B1B9603570079A634 /* IMCartManager.m */,
				787C166C1B9603570079A634 /* IMDiscountManager.h */,
				787C166D1B9603570079A634 /* IMDiscountManager.m */,
				787C166E1B9603570079A634 /* IMEventManager.h */,
				787C166F1B9603570079A634 /* IMEventManager.m */,
				787C16701B9603570079A634 /* IMInfoManager.h */,
				787C16711B9603570079A634 /* IMInfoManager.m */,
				787C16721B9603570079A634 /* IMProductManager.h */,
				787C16731B9603570079A634 /* IMProductManager.m */,
				787C16741B9603570079A634 /* IMSectionManager.h */,
				787C16751B9603570079A634 /* IMSectionManager.m */,
				787C16761B9603570079A634 /* IMUserData.h */,
				787C16771B9603570079A634 /* IMUserData.m */,
			);
			path = ObjectManagers;
			sourceTree = "<group>";
		};
		787C16781B9603570079A634 /* Objects */ = {
			isa = PBXGroup;
			children = (
				787C16791B9603570079A634 /* IMAboutData.h */,
				787C167A1B9603570079A634 /* IMAboutData.m */,
				787C167B1B9603570079A634 /* IMAddition.h */,
				787C167C1B9603570079A634 /* IMAddition.m */,
				787C167D1B9603570079A634 /* IMAddress.h */,
				787C167E1B9603570079A634 /* IMAddress.m */,
				787C167F1B9603570079A634 /* IMBonus.h */,
				787C16801B9603570079A634 /* IMBonus.m */,
				787C16811B9603570079A634 /* IMDiscount.h */,
				787C16821B9603570079A634 /* IMDiscount.m */,
				787C16831B9603570079A634 /* IMEvent.h */,
				787C16841B9603570079A634 /* IMEvent.m */,
				787C16851B9603570079A634 /* IMItem.h */,
				787C16861B9603570079A634 /* IMItem.m */,
				787C16871B9603570079A634 /* IMProduct.h */,
				787C16881B9603570079A634 /* IMProduct.m */,
				787C16891B9603570079A634 /* Section.h */,
				787C168A1B9603570079A634 /* Section.m */,
			);
			path = Objects;
			sourceTree = "<group>";
		};
		787C168B1B9603570079A634 /* Operations */ = {
			isa = PBXGroup;
			children = (
				787C168C1B9603570079A634 /* IMAbstractOperation.h */,
				787C168D1B9603570079A634 /* IMAbstractOperation.m */,
				787C168E1B9603570079A634 /* IMOperation.h */,
				787C168F1B9603570079A634 /* IMOperation.m */,
				787C16901B9603570079A634 /* IMOperationCheckBonuses.h */,
				787C16911B9603570079A634 /* IMOperationCheckBonuses.m */,
				787C16921B9603570079A634 /* IMOperationParse.h */,
				787C16931B9603570079A634 /* IMOperationParse.m */,
				787C16941B9603570079A634 /* IMOperationRequestCardDiscount.h */,
				787C16951B9603570079A634 /* IMOperationRequestCardDiscount.m */,
				787C16961B9603570079A634 /* IMOperationRequestDiscount.h */,
				787C16971B9603570079A634 /* IMOperationRequestDiscount.m */,
				787C16981B9603570079A634 /* IMOperationSendOrder.h */,
				787C16991B9603570079A634 /* IMOperationSendOrder.m */,
			);
			path = Operations;
			sourceTree = "<group>";
		};
		787C169A1B9603570079A634 /* Parsers */ = {
			isa = PBXGroup;
			children = (
				787C169B1B9603570079A634 /* IMAboutUsParser.h */,
				787C169C1B9603570079A634 /* IMAboutUsParser.m */,
				787C169D1B9603570079A634 /* IMAbstractParser.h */,
				787C169E1B9603570079A634 /* IMAbstractParser.m */,
				787C169F1B9603570079A634 /* IMAddressParser.h */,
				787C16A01B9603570079A634 /* IMAddressParser.m */,
				787C16A11B9603570079A634 /* IMBonusParser.h */,
				787C16A21B9603570079A634 /* IMBonusParser.m */,
				787C16A31B9603570079A634 /* IMDiscountParser.h */,
				787C16A41B9603570079A634 /* IMDiscountParser.m */,
				787C16A51B9603570079A634 /* IMEventParser.h */,
				787C16A61B9603570079A634 /* IMEventParser.m */,
				787C16A71B9603570079A634 /* IMInfoParser.h */,
				787C16A81B9603570079A634 /* IMInfoParser.m */,
				787C16A91B9603570079A634 /* IMProductParser.h */,
				787C16AA1B9603570079A634 /* IMProductParser.m */,
			);
			path = Parsers;
			sourceTree = "<group>";
		};
		787C16AB1B9603570079A634 /* PaymentSystem */ = {
			isa = PBXGroup;
			children = (
				787C16AC1B9603570079A634 /* IMPaymentSystemPayOnline.h */,
				787C16AD1B9603570079A634 /* IMPaymentSystemPayOnline.m */,
			);
			path = PaymentSystem;
			sourceTree = "<group>";
		};
		787C16AE1B9603570079A634 /* Tools */ = {
			isa = PBXGroup;
			children = (
				787C16AF1B9603570079A634 /* SCRFTPRequest.h */,
				787C16B01B9603570079A634 /* SCRFTPRequest.m */,
				787C16B11B9603570079A634 /* Tools.h */,
				787C16B21B9603570079A634 /* Tools.m */,
				787C16B31B9603570079A634 /* XMLOrderCreator.h */,
				787C16B41B9603570079A634 /* XMLOrderCreator.m */,
				787C16B51B9603570079A634 /* XMLWriter.h */,
				787C16B61B9603570079A634 /* XMLWriter.m */,
			);
			path = Tools;
			sourceTree = "<group>";
		};
		787C16B71B9603570079A634 /* UI */ = {
			isa = PBXGroup;
			children = (
				787C16B81B9603570079A634 /* IMButtonEffect.h */,
				787C16B91B9603570079A634 /* IMButtonEffect.m */,
				787C16BA1B9603570079A634 /* IMCustomLabel.h */,
				787C16BB1B9603570079A634 /* IMCustomLabel.m */,
				787C16BC1B9603570079A634 /* IMFont.h */,
				787C16BD1B9603570079A634 /* IMFont.m */,
				787C16BE1B9603570079A634 /* IMLabel.h */,
				787C16BF1B9603570079A634 /* IMLabel.m */,
				787C16C01B9603570079A634 /* IMStepper.h */,
				787C16C11B9603570079A634 /* IMStepper.m */,
				787C16C21B9603570079A634 /* SegueFlipPopToRoot.h */,
				787C16C31B9603570079A634 /* SegueFlipPopToRoot.m */,
			);
			path = UI;
			sourceTree = "<group>";
		};
		787C16C41B9603570079A634 /* Views */ = {
			isa = PBXGroup;
			children = (
				787C16C51B9603570079A634 /* IMBonusViewCell.h */,
				787C16C61B9603570079A634 /* IMBonusViewCell.m */,
				787C16C71B9603570079A634 /* IMCartAdditionViewCell.h */,
				787C16C81B9603570079A634 /* IMCartAdditionViewCell.m */,
				787C16C91B9603570079A634 /* IMCartProductCell.h */,
				787C16CA1B9603570079A634 /* IMCartProductCell.m */,
				787C16CB1B9603570079A634 /* IMEventViewCell.h */,
				787C16CC1B9603570079A634 /* IMEventViewCell.m */,
				787C16CD1B9603570079A634 /* IMHeaderViewCell.h */,
				787C16CE1B9603570079A634 /* IMHeaderViewCell.m */,
				787C16CF1B9603570079A634 /* IMProductGridCell.h */,
				787C16D01B9603570079A634 /* IMProductGridCell.m */,
				787C16D11B9603570079A634 /* IMProductViewCell.h */,
				787C16D21B9603570079A634 /* IMProductViewCell.m */,
				787C16D31B9603570079A634 /* IMRestarauntViewCell.h */,
				787C16D41B9603570079A634 /* IMRestarauntViewCell.m */,
				787C16D51B9603570079A634 /* IMSectionViewCell.h */,
				787C16D61B9603570079A634 /* IMSectionViewCell.m */,
				787C16D71B9603570079A634 /* ThirdParty */,
				787C16DE1B9603570079A634 /* UIImage+Helpers.h */,
				787C16DF1B9603570079A634 /* UIImage+Helpers.m */,
			);
			path = Views;
			sourceTree = "<group>";
		};
		787C16D71B9603570079A634 /* ThirdParty */ = {
			isa = PBXGroup;
			children = (
				787C16D81B9603570079A634 /* AsyncImageView.h */,
				787C16D91B9603570079A634 /* AsyncImageView.m */,
				787C16DA1B9603570079A634 /* KASlideShow.h */,
				787C16DB1B9603570079A634 /* KASlideShow.m */,
				787C16DC1B9603570079A634 /* PageItemController.h */,
				787C16DD1B9603570079A634 /* PageItemController.m */,
			);
			path = ThirdParty;
			sourceTree = "<group>";
		};
		C7B11FCA1C330ABF9C19EC98 /* Pods */ = {
			isa = PBXGroup;
			children = (
				ACCEB702BC3AE318DB274417 /* Pods.debug.xcconfig */,
				B6BC2E3C4658ABE3187F24E0 /* Pods.release.xcconfig */,
			);
			name = Pods;
			sourceTree = "<group>";
		};
		D02D7A361B1D756300226CAF /* Icons */ = {
			isa = PBXGroup;
			children = (
				D0E896341B543A1A00D89A73 /* 180.png */,
				D0E896351B543A1A00D89A73 /* 228.png */,
				D02D7A371B1D756300226CAF /* icon.png */,
				D02D7A381B1D756300226CAF /* icon@2x.png */,
				D02D7A391B1D756300226CAF /* iconIpad.png */,
				D02D7A3A1B1D756300226CAF /* iconIpad@2x.png */,
			);
			path = Icons;
			sourceTree = "<group>";
		};
		D02D7AB81B1D906C00226CAF /* Resources */ = {
			isa = PBXGroup;
			children = (
				D02D7AB91B1D906C00226CAF /* LabelFont.ttf */,
				D02D7ABA1B1D906C00226CAF /* Location_01.png */,
				D02D7ABB1B1D906C00226CAF /* marker.png */,
				D02D7ABC1B1D906C00226CAF /* Ruble_sign.png */,
			);
			path = Resources;
			sourceTree = "<group>";
		};
		D0318CD51B4BFE13005DBCA4 /* AFBlurSegue */ = {
			isa = PBXGroup;
			children = (
				D0318CD61B4BFE13005DBCA4 /* AFBlurSegue.h */,
				D0318CD71B4BFE13005DBCA4 /* AFBlurSegue.m */,
				D0318CD81B4BFE13005DBCA4 /* UIImage+ImageEffects.h */,
				D0318CD91B4BFE13005DBCA4 /* UIImage+ImageEffects.m */,
			);
			path = AFBlurSegue;
			sourceTree = "<group>";
		};
		D04004311B4AA4B0005099CA /* Frameworks */ = {
			isa = PBXGroup;
			children = (
				D04004361B4AA4DE005099CA /* PayOnlineSdk */,
				D04004321B4AA4B0005099CA /* libPayOnlineSdk.a */,
			);
			path = Frameworks;
			sourceTree = SOURCE_ROOT;
		};
		D04004361B4AA4DE005099CA /* PayOnlineSdk */ = {
			isa = PBXGroup;
			children = (
				D0318CD51B4BFE13005DBCA4 /* AFBlurSegue */,
				D04004371B4AA4DE005099CA /* PayOnlineConfiguration.h */,
				D04004381B4AA4DE005099CA /* PayOnlineDelegate.h */,
				D04004391B4AA4DE005099CA /* PayOnlineError.h */,
				D040043A1B4AA4DE005099CA /* PayOnlinePayRequest.h */,
				D040043B1B4AA4DE005099CA /* PayOnlinePayResponse.h */,
				D040043C1B4AA4DE005099CA /* PayOnlineProcessing.h */,
				D040043D1B4AA4DE005099CA /* PayOnlineThreeDsData.h */,
			);
			path = PayOnlineSdk;
			sourceTree = "<group>";
		};
		D0E6C3E31B1C7E7600056B8F /* ApplicationResources */ = {
			isa = PBXGroup;
			children = (
				D0E6C3E41B1C7E7600056B8F /* InuwaCatalog */,
			);
			path = ApplicationResources;
			sourceTree = "<group>";
		};
		D0E6C3E41B1C7E7600056B8F /* InuwaCatalog */ = {
			isa = PBXGroup;
			children = (
				D0E6C3E81B1C7E7600056B8F /* InuwaCatalog.plist */,
				D02D7A361B1D756300226CAF /* Icons */,
				D0E6C3E51B1C7E7600056B8F /* Data */,
				D0E6C3EF1B1C7E7600056B8F /* SplashScreens */,
				D02D7A4B1B1D79D500226CAF /* InuwaCatalog.xcassets */,
			);
			path = InuwaCatalog;
			sourceTree = "<group>";
		};
		D0E6C3E51B1C7E7600056B8F /* Data */ = {
			isa = PBXGroup;
			children = (
				D0E6C3E61B1C7E7600056B8F /* Colors.plist */,
				D0E6C3E71B1C7E7600056B8F /* FTP.plist */,
				D0E6C3E91B1C7E7600056B8F /* URL.plist */,
			);
			path = Data;
			sourceTree = "<group>";
		};
		D0E6C3EF1B1C7E7600056B8F /* SplashScreens */ = {
			isa = PBXGroup;
			children = (
				D08478911B5E0BFB0003FDF1 /* ic_image.png */,
				D0E896411B543E8900D89A73 /* 1536-2048.png */,
				D0E8963E1B543D3400D89A73 /* 640-1136.png */,
				D0E8963B1B543D1F00D89A73 /* 768-1024.png */,
				D0E385391B3AA41400867487 /* backgound.png */,
				D0E6C3F01B1C7E7600056B8F /* 1242-2208.png */,
				D0E6C3F11B1C7E7600056B8F /* Splash.png */,
				D0E6C3F21B1C7E7600056B8F /* 750-1334.png */,
				D0E6C3F31B1C7E7600056B8F /* 960-640-1.png */,
				D0E6C3F41B1C7E7600056B8F /* 960-640.png */,
			);
			path = SplashScreens;
			sourceTree = "<group>";
		};
		E81E34BA1A3865DA00FF0622 = {
			isa = PBXGroup;
			children = (
				E81E34CC1A3865DA00FF0622 /* Delivery */,
				E81E34EE1A3865DA00FF0622 /* DeliveryTests */,
				E81E34C51A3865DA00FF0622 /* Frameworks */,
				E81E34C41A3865DA00FF0622 /* Products */,
				C7B11FCA1C330ABF9C19EC98 /* Pods */,
			);
			sourceTree = "<group>";
		};
		E81E34C41A3865DA00FF0622 /* Products */ = {
			isa = PBXGroup;
			children = (
				D03C19801B4FE02400C4A6A7 /* KidSize copy.app */,
			);
			name = Products;
			sourceTree = "<group>";
		};
		E81E34C51A3865DA00FF0622 /* Frameworks */ = {
			isa = PBXGroup;
			children = (
				D018A4671B4FD6250022D0D6 /* libPods-ActionSheetPicker-3.0.a */,
				D018A4651B4FD61E0022D0D6 /* libPods.a */,
				E81E34C61A3865DA00FF0622 /* Foundation.framework */,
				E81E34C81A3865DA00FF0622 /* CoreGraphics.framework */,
				E81E34CA1A3865DA00FF0622 /* UIKit.framework */,
				E81E34E81A3865DA00FF0622 /* XCTest.framework */,
				2F6F460DA28429206ECC54E5 /* libPods-Delivery.a */,
				B5AFF82273C0CC3D0BB6B2C0 /* libPods.a */,
				6FBE5F0425518E79F5C926CB /* libPods-KidSize.a */,
			);
			name = Frameworks;
			sourceTree = "<group>";
		};
		E81E34CC1A3865DA00FF0622 /* Delivery */ = {
			isa = PBXGroup;
			children = (
				787C161C1B9603570079A634 /* Source */,
				D04004311B4AA4B0005099CA /* Frameworks */,
				D0E3E49B1B31521200CBF2DE /* iPad.storyboard */,
				E84CB8E11AB1B018001CDD76 /* iPhone.storyboard */,
				D02D7AB81B1D906C00226CAF /* Resources */,
				D0E6C3E31B1C7E7600056B8F /* ApplicationResources */,
				E81E34CD1A3865DA00FF0622 /* Supporting Files */,
			);
			path = Delivery;
			sourceTree = "<group>";
		};
		E81E34CD1A3865DA00FF0622 /* Supporting Files */ = {
			isa = PBXGroup;
			children = (
				E81E34CF1A3865DA00FF0622 /* InfoPlist.strings */,
				E81E34D41A3865DA00FF0622 /* Delivery-Prefix.pch */,
			);
			name = "Supporting Files";
			sourceTree = "<group>";
		};
		E81E34EE1A3865DA00FF0622 /* DeliveryTests */ = {
			isa = PBXGroup;
			children = (
				E81E34F41A3865DA00FF0622 /* DeliveryTests.m */,
				E81E34EF1A3865DA00FF0622 /* Supporting Files */,
			);
			path = DeliveryTests;
			sourceTree = "<group>";
		};
		E81E34EF1A3865DA00FF0622 /* Supporting Files */ = {
			isa = PBXGroup;
			children = (
				E81E34F11A3865DA00FF0622 /* InfoPlist.strings */,
			);
			name = "Supporting Files";
			sourceTree = "<group>";
		};
/* End PBXGroup section */

/* Begin PBXNativeTarget section */
		D03C190F1B4FE02400C4A6A7 /* Inuwa Catalog */ = {
			isa = PBXNativeTarget;
			buildConfigurationList = D03C197D1B4FE02400C4A6A7 /* Build configuration list for PBXNativeTarget "Inuwa Catalog" */;
			buildPhases = (
				D03C19101B4FE02400C4A6A7 /* Check Pods Manifest.lock */,
				D03C19111B4FE02400C4A6A7 /* Sources */,
				D03C195F1B4FE02400C4A6A7 /* Frameworks */,
				D03C19661B4FE02400C4A6A7 /* Resources */,
				D03C197C1B4FE02400C4A6A7 /* Copy Pods Resources */,
			);
			buildRules = (
			);
			dependencies = (
			);
			name = "Inuwa Catalog";
			productName = Delivery;
			productReference = D03C19801B4FE02400C4A6A7 /* KidSize copy.app */;
			productType = "com.apple.product-type.application";
		};
/* End PBXNativeTarget section */

/* Begin PBXProject section */
		E81E34BB1A3865DA00FF0622 /* Project object */ = {
			isa = PBXProject;
			attributes = {
				CLASSPREFIX = IM;
				LastUpgradeCheck = 0630;
				ORGANIZATIONNAME = incodemobile;
				TargetAttributes = {
					D03C190F1B4FE02400C4A6A7 = {
						DevelopmentTeam = SFE5LN3MKB;
					};
				};
			};
			buildConfigurationList = E81E34BE1A3865DA00FF0622 /* Build configuration list for PBXProject "Delivery" */;
			compatibilityVersion = "Xcode 3.2";
			developmentRegion = English;
			hasScannedForEncodings = 0;
			knownRegions = (
				en,
				Base,
			);
			mainGroup = E81E34BA1A3865DA00FF0622;
			productRefGroup = E81E34C41A3865DA00FF0622 /* Products */;
			projectDirPath = "";
			projectRoot = "";
			targets = (
				D03C190F1B4FE02400C4A6A7 /* Inuwa Catalog */,
			);
		};
/* End PBXProject section */

/* Begin PBXResourcesBuildPhase section */
		D03C19661B4FE02400C4A6A7 /* Resources */ = {
			isa = PBXResourcesBuildPhase;
			buildActionMask = 2147483647;
			files = (
				D0E896431B543E8900D89A73 /* 1536-2048.png in Resources */,
				D0E8963A1B543C9300D89A73 /* InuwaCatalog.xcassets in Resources */,
				D03C197A1B4FE02400C4A6A7 /* backgound.png in Resources */,
				D0E896331B54380400D89A73 /* 960-640.png in Resources */,
				D0E896321B54380200D89A73 /* 960-640-1.png in Resources */,
				D0E896311B5437FE00D89A73 /* 750-1334.png in Resources */,
				D0E896301B5437FA00D89A73 /* Splash.png in Resources */,
				D0E8962F1B5437F400D89A73 /* iconIpad@2x.png in Resources */,
				D0E8962E1B5437F200D89A73 /* iconIpad.png in Resources */,
				D0E8962D1B5437EC00D89A73 /* icon@2x.png in Resources */,
				D0E8962C1B5437EB00D89A73 /* icon.png in Resources */,
				D03C19851B4FE0C100C4A6A7 /* URL.plist in Resources */,
				D03C19841B4FE0C000C4A6A7 /* FTP.plist in Resources */,
				D03C19831B4FE0BE00C4A6A7 /* Colors.plist in Resources */,
				D0E896391B543A1A00D89A73 /* 228.png in Resources */,
				D03C19821B4FE0AD00C4A6A7 /* InuwaCatalog.plist in Resources */,
				D03C19691B4FE02400C4A6A7 /* LabelFont.ttf in Resources */,
				D03C196A1B4FE02400C4A6A7 /* marker.png in Resources */,
				D03C196C1B4FE02400C4A6A7 /* Location_01.png in Resources */,
				D0E8963D1B543D1F00D89A73 /* 768-1024.png in Resources */,
				D0E896401B543D3400D89A73 /* 640-1136.png in Resources */,
				D03C19721B4FE02400C4A6A7 /* iPad.storyboard in Resources */,
				D03C19751B4FE02400C4A6A7 /* iPhone.storyboard in Resources */,
				D08478931B5E13460003FDF1 /* ic_image.png in Resources */,
				D0E896371B543A1A00D89A73 /* 180.png in Resources */,
				D03C19771B4FE02400C4A6A7 /* Ruble_sign.png in Resources */,
				D03C19791B4FE02400C4A6A7 /* InfoPlist.strings in Resources */,
			);
			runOnlyForDeploymentPostprocessing = 0;
		};
/* End PBXResourcesBuildPhase section */

/* Begin PBXShellScriptBuildPhase section */
		D03C19101B4FE02400C4A6A7 /* Check Pods Manifest.lock */ = {
			isa = PBXShellScriptBuildPhase;
			buildActionMask = 2147483647;
			files = (
			);
			inputPaths = (
			);
			name = "Check Pods Manifest.lock";
			outputPaths = (
			);
			runOnlyForDeploymentPostprocessing = 0;
			shellPath = /bin/sh;
			shellScript = "diff \"${PODS_ROOT}/../Podfile.lock\" \"${PODS_ROOT}/Manifest.lock\" > /dev/null\nif [[ $? != 0 ]] ; then\n    cat << EOM\nerror: The sandbox is not in sync with the Podfile.lock. Run 'pod install' or update your CocoaPods installation.\nEOM\n    exit 1\nfi\n";
			showEnvVarsInLog = 0;
		};
		D03C197C1B4FE02400C4A6A7 /* Copy Pods Resources */ = {
			isa = PBXShellScriptBuildPhase;
			buildActionMask = 2147483647;
			files = (
			);
			inputPaths = (
			);
			name = "Copy Pods Resources";
			outputPaths = (
			);
			runOnlyForDeploymentPostprocessing = 0;
			shellPath = /bin/sh;
			shellScript = "\"${SRCROOT}/Pods/Target Support Files/Pods/Pods-resources.sh\"\n";
			showEnvVarsInLog = 0;
		};
/* End PBXShellScriptBuildPhase section */

/* Begin PBXSourcesBuildPhase section */
		D03C19111B4FE02400C4A6A7 /* Sources */ = {
			isa = PBXSourcesBuildPhase;
			buildActionMask = 2147483647;
			files = (
				787C170F1B9603570079A634 /* IMEvent.m in Sources */,
				787C171E1B9603570079A634 /* IMDiscountParser.m in Sources */,
				787C17201B9603570079A634 /* IMInfoParser.m in Sources */,
				787C16F31B9603570079A634 /* IMSlideDrawerController.m in Sources */,
				787C170D1B9603570079A634 /* IMBonus.m in Sources */,
				787C17101B9603570079A634 /* IMItem.m in Sources */,
				787C16E71B9603570079A634 /* IMDiscountCardController.m in Sources */,
				787C17131B9603570079A634 /* IMAbstractOperation.m in Sources */,
				787C17331B9603570079A634 /* IMProductViewCell.m in Sources */,
				787C16F51B9603570079A634 /* IMViewController.m in Sources */,
				787C16E51B9603570079A634 /* IMCartViewController.m in Sources */,
				787C16F11B9603570079A634 /* IMProductsViewPagerController.m in Sources */,
				787C17181B9603570079A634 /* IMOperationRequestDiscount.m in Sources */,
				787C16FF1B9603570079A634 /* IMAboutUsManager.m in Sources */,
				787C16EC1B9603570079A634 /* IMLoadingViewController.m in Sources */,
				787C172C1B9603570079A634 /* SegueFlipPopToRoot.m in Sources */,
				787C171A1B9603570079A634 /* IMAboutUsParser.m in Sources */,
				787C16FD1B9603570079A634 /* main.m in Sources */,
				787C17321B9603570079A634 /* IMProductGridCell.m in Sources */,
				787C17011B9603570079A634 /* IMAddressManager.m in Sources */,
				787C172A1B9603570079A634 /* IMLabel.m in Sources */,
				787C17191B9603570079A634 /* IMOperationSendOrder.m in Sources */,
				787C16ED1B9603570079A634 /* IMOrderSendingController.m in Sources */,
				787C171C1B9603570079A634 /* IMAddressParser.m in Sources */,
				787C172B1B9603570079A634 /* IMStepper.m in Sources */,
				787C17341B9603570079A634 /* IMRestarauntViewCell.m in Sources */,
				787C17311B9603570079A634 /* IMHeaderViewCell.m in Sources */,
				787C17171B9603570079A634 /* IMOperationRequestCardDiscount.m in Sources */,
				787C16E81B9603570079A634 /* IMDrawerController.m in Sources */,
				787C17031B9603570079A634 /* IMCartManager.m in Sources */,
				787C17061B9603570079A634 /* IMInfoManager.m in Sources */,
				D03C19181B4FE02400C4A6A7 /* AFBlurSegue.m in Sources */,
				787C17371B9603570079A634 /* KASlideShow.m in Sources */,
				787C17091B9603570079A634 /* IMUserData.m in Sources */,
				787C17281B9603570079A634 /* IMCustomLabel.m in Sources */,
				787C16EF1B9603570079A634 /* IMProductDetailController.m in Sources */,
				787C172E1B9603570079A634 /* IMCartAdditionViewCell.m in Sources */,
				787C17051B9603570079A634 /* IMEventManager.m in Sources */,
				787C170A1B9603570079A634 /* IMAboutData.m in Sources */,
				787C16EE1B9603570079A634 /* IMPaymentFormViewController.m in Sources */,
				787C17071B9603570079A634 /* IMProductManager.m in Sources */,
				787C17241B9603570079A634 /* Tools.m in Sources */,
				787C16F41B9603570079A634 /* IMUserInfoController.m in Sources */,
				787C16F91B9603570079A634 /* IMTransitionsManager.m in Sources */,
				787C16F61B9603570079A634 /* IMBonusDetailsViewController.m in Sources */,
				787C16E31B9603570079A634 /* IMAddressDetailController.m in Sources */,
				787C17161B9603570079A634 /* IMOperationParse.m in Sources */,
				787C17121B9603570079A634 /* Section.m in Sources */,
				787C17261B9603570079A634 /* XMLWriter.m in Sources */,
				787C16F81B9603570079A634 /* IMSplitViewController.m in Sources */,
				787C17221B9603570079A634 /* IMPaymentSystemPayOnline.m in Sources */,
				787C16FC1B9603570079A634 /* IMAppDelegate.m in Sources */,
				787C17041B9603570079A634 /* IMDiscountManager.m in Sources */,
				787C17231B9603570079A634 /* SCRFTPRequest.m in Sources */,
				787C17081B9603570079A634 /* IMSectionManager.m in Sources */,
				787C16FA1B9603570079A634 /* PageItemController.m in Sources */,
				787C16E11B9603570079A634 /* GridController.m in Sources */,
				787C16E41B9603570079A634 /* IMAddressViewController.m in Sources */,
				787C17391B9603570079A634 /* UIImage+Helpers.m in Sources */,
				787C17271B9603570079A634 /* IMButtonEffect.m in Sources */,
				787C17141B9603570079A634 /* IMOperation.m in Sources */,
				787C172F1B9603570079A634 /* IMCartProductCell.m in Sources */,
				787C16E91B9603570079A634 /* IMEventDetailController.m in Sources */,
				787C16EA1B9603570079A634 /* IMEventViewController.m in Sources */,
				D03C19281B4FE02400C4A6A7 /* UIImage+ImageEffects.m in Sources */,
				787C17001B9603570079A634 /* IMAbstractManager.m in Sources */,
				787C16F01B9603570079A634 /* IMProductDetailPageController.m in Sources */,
				787C16EB1B9603570079A634 /* IMFormViewController.m in Sources */,
				787C17211B9603570079A634 /* IMProductParser.m in Sources */,
				787C17351B9603570079A634 /* IMSectionViewCell.m in Sources */,
				787C17301B9603570079A634 /* IMEventViewCell.m in Sources */,
				787C17361B9603570079A634 /* AsyncImageView.m in Sources */,
				787C16FB1B9603570079A634 /* ViewController.m in Sources */,
				787C170B1B9603570079A634 /* IMAddition.m in Sources */,
				787C171D1B9603570079A634 /* IMBonusParser.m in Sources */,
				787C16F21B9603570079A634 /* IMProductViewController.m in Sources */,
				787C171B1B9603570079A634 /* IMAbstractParser.m in Sources */,
				787C16E01B9603570079A634 /* DetailViewController.m in Sources */,
				787C172D1B9603570079A634 /* IMBonusViewCell.m in Sources */,
				787C17151B9603570079A634 /* IMOperationCheckBonuses.m in Sources */,
				787C17111B9603570079A634 /* IMProduct.m in Sources */,
				787C16E21B9603570079A634 /* IMAboutUsController.m in Sources */,
				787C17291B9603570079A634 /* IMFont.m in Sources */,
				787C17251B9603570079A634 /* XMLOrderCreator.m in Sources */,
				787C170E1B9603570079A634 /* IMDiscount.m in Sources */,
				787C16F71B9603570079A634 /* IMBonusViewController.m in Sources */,
				787C16E61B9603570079A634 /* IMDeliveryInformationController.m in Sources */,
				787C171F1B9603570079A634 /* IMEventParser.m in Sources */,
				787C170C1B9603570079A634 /* IMAddress.m in Sources */,
				787C17021B9603570079A634 /* IMBonusManager.m in Sources */,
			);
			runOnlyForDeploymentPostprocessing = 0;
		};
/* End PBXSourcesBuildPhase section */

/* Begin PBXVariantGroup section */
		E81E34CF1A3865DA00FF0622 /* InfoPlist.strings */ = {
			isa = PBXVariantGroup;
			children = (
				E81E34D01A3865DA00FF0622 /* en */,
			);
			name = InfoPlist.strings;
			sourceTree = "<group>";
		};
		E81E34F11A3865DA00FF0622 /* InfoPlist.strings */ = {
			isa = PBXVariantGroup;
			children = (
				E81E34F21A3865DA00FF0622 /* en */,
			);
			name = InfoPlist.strings;
			sourceTree = "<group>";
		};
/* End PBXVariantGroup section */

/* Begin XCBuildConfiguration section */
		D03C197E1B4FE02400C4A6A7 /* Debug */ = {
			isa = XCBuildConfiguration;
			baseConfigurationReference = ACCEB702BC3AE318DB274417 /* Pods.debug.xcconfig */;
			buildSettings = {
				ASSETCATALOG_COMPILER_APPICON_NAME = AppIcon;
				ASSETCATALOG_COMPILER_LAUNCHIMAGE_NAME = LaunchImage;
				CODE_SIGN_IDENTITY = "iPhone Developer";
				"CODE_SIGN_IDENTITY[sdk=iphoneos*]" = "iPhone Developer";
				GCC_PRECOMPILE_PREFIX_HEADER = YES;
				GCC_PREFIX_HEADER = "Delivery/Delivery-Prefix.pch";
				HEADER_SEARCH_PATHS = (
					"\"${PODS_ROOT}/Headers/Public\"",
					"\"${PODS_ROOT}/Headers/Public/MMDrawerController\"",
				);
				INFOPLIST_FILE = "$(SRCROOT)/Delivery/ApplicationResources/InuwaCatalog/Data/InuwaCatalog.plist";
				IPHONEOS_DEPLOYMENT_TARGET = 7.1;
				LIBRARY_SEARCH_PATHS = (
					"$(inherited)",
					"$(PROJECT_DIR)/Frameworks",
				);
				PRODUCT_NAME = "KidSize copy";
				PROVISIONING_PROFILE = "";
				SDKROOT = iphoneos;
				TARGETED_DEVICE_FAMILY = "1,2";
				VALID_ARCHS = "arm64 armv7 armv7s";
				WRAPPER_EXTENSION = app;
			};
			name = Debug;
		};
		D03C197F1B4FE02400C4A6A7 /* Release */ = {
			isa = XCBuildConfiguration;
			baseConfigurationReference = B6BC2E3C4658ABE3187F24E0 /* Pods.release.xcconfig */;
			buildSettings = {
				ASSETCATALOG_COMPILER_APPICON_NAME = AppIcon;
				ASSETCATALOG_COMPILER_LAUNCHIMAGE_NAME = LaunchImage;
				CODE_SIGN_IDENTITY = "iPhone Developer";
				"CODE_SIGN_IDENTITY[sdk=iphoneos*]" = "iPhone Developer";
				GCC_PRECOMPILE_PREFIX_HEADER = YES;
				GCC_PREFIX_HEADER = "Delivery/Delivery-Prefix.pch";
				HEADER_SEARCH_PATHS = (
					"\"${PODS_ROOT}/Headers/Public\"",
					"\"${PODS_ROOT}/Headers/Public/MMDrawerController\"",
				);
				INFOPLIST_FILE = "$(SRCROOT)/Delivery/ApplicationResources/InuwaCatalog/Data/InuwaCatalog.plist";
				IPHONEOS_DEPLOYMENT_TARGET = 7.1;
				LIBRARY_SEARCH_PATHS = (
					"$(inherited)",
					"$(PROJECT_DIR)/Frameworks",
				);
				PRODUCT_NAME = "KidSize copy";
				PROVISIONING_PROFILE = "";
				SDKROOT = iphoneos;
				TARGETED_DEVICE_FAMILY = "1,2";
				VALID_ARCHS = "arm64 armv7 armv7s";
				WRAPPER_EXTENSION = app;
			};
			name = Release;
		};
		E81E34F61A3865DA00FF0622 /* Debug */ = {
			isa = XCBuildConfiguration;
			buildSettings = {
				ALWAYS_SEARCH_USER_PATHS = NO;
				CLANG_CXX_LANGUAGE_STANDARD = "gnu++0x";
				CLANG_CXX_LIBRARY = "libc++";
				CLANG_ENABLE_MODULES = YES;
				CLANG_ENABLE_OBJC_ARC = YES;
				CLANG_WARN_BOOL_CONVERSION = YES;
				CLANG_WARN_CONSTANT_CONVERSION = YES;
				CLANG_WARN_DIRECT_OBJC_ISA_USAGE = YES_ERROR;
				CLANG_WARN_EMPTY_BODY = YES;
				CLANG_WARN_ENUM_CONVERSION = YES;
				CLANG_WARN_INT_CONVERSION = YES;
				CLANG_WARN_OBJC_ROOT_CLASS = YES_ERROR;
				CLANG_WARN__DUPLICATE_METHOD_MATCH = YES;
				"CODE_SIGN_IDENTITY[sdk=iphoneos*]" = "iPhone Developer";
				COPY_PHASE_STRIP = NO;
				GCC_C_LANGUAGE_STANDARD = gnu99;
				GCC_DYNAMIC_NO_PIC = NO;
				GCC_OPTIMIZATION_LEVEL = 0;
				GCC_PREPROCESSOR_DEFINITIONS = (
					"DEBUG=1",
					"$(inherited)",
				);
				GCC_SYMBOLS_PRIVATE_EXTERN = NO;
				GCC_WARN_64_TO_32_BIT_CONVERSION = YES;
				GCC_WARN_ABOUT_RETURN_TYPE = YES_ERROR;
				GCC_WARN_UNDECLARED_SELECTOR = YES;
				GCC_WARN_UNINITIALIZED_AUTOS = YES_AGGRESSIVE;
				GCC_WARN_UNUSED_FUNCTION = YES;
				GCC_WARN_UNUSED_VARIABLE = YES;
				IPHONEOS_DEPLOYMENT_TARGET = 7.1;
				ONLY_ACTIVE_ARCH = YES;
				SDKROOT = iphoneos;
			};
			name = Debug;
		};
		E81E34F71A3865DA00FF0622 /* Release */ = {
			isa = XCBuildConfiguration;
			buildSettings = {
				ALWAYS_SEARCH_USER_PATHS = NO;
				CLANG_CXX_LANGUAGE_STANDARD = "gnu++0x";
				CLANG_CXX_LIBRARY = "libc++";
				CLANG_ENABLE_MODULES = YES;
				CLANG_ENABLE_OBJC_ARC = YES;
				CLANG_WARN_BOOL_CONVERSION = YES;
				CLANG_WARN_CONSTANT_CONVERSION = YES;
				CLANG_WARN_DIRECT_OBJC_ISA_USAGE = YES_ERROR;
				CLANG_WARN_EMPTY_BODY = YES;
				CLANG_WARN_ENUM_CONVERSION = YES;
				CLANG_WARN_INT_CONVERSION = YES;
				CLANG_WARN_OBJC_ROOT_CLASS = YES_ERROR;
				CLANG_WARN__DUPLICATE_METHOD_MATCH = YES;
				"CODE_SIGN_IDENTITY[sdk=iphoneos*]" = "iPhone Developer";
				COPY_PHASE_STRIP = YES;
				ENABLE_NS_ASSERTIONS = NO;
				GCC_C_LANGUAGE_STANDARD = gnu99;
				GCC_WARN_64_TO_32_BIT_CONVERSION = YES;
				GCC_WARN_ABOUT_RETURN_TYPE = YES_ERROR;
				GCC_WARN_UNDECLARED_SELECTOR = YES;
				GCC_WARN_UNINITIALIZED_AUTOS = YES_AGGRESSIVE;
				GCC_WARN_UNUSED_FUNCTION = YES;
				GCC_WARN_UNUSED_VARIABLE = YES;
				IPHONEOS_DEPLOYMENT_TARGET = 7.1;
				SDKROOT = iphoneos;
				VALIDATE_PRODUCT = YES;
			};
			name = Release;
		};
/* End XCBuildConfiguration section */

/* Begin XCConfigurationList section */
		D03C197D1B4FE02400C4A6A7 /* Build configuration list for PBXNativeTarget "Inuwa Catalog" */ = {
			isa = XCConfigurationList;
			buildConfigurations = (
				D03C197E1B4FE02400C4A6A7 /* Debug */,
				D03C197F1B4FE02400C4A6A7 /* Release */,
			);
			defaultConfigurationIsVisible = 0;
			defaultConfigurationName = Release;
		};
		E81E34BE1A3865DA00FF0622 /* Build configuration list for PBXProject "Delivery" */ = {
			isa = XCConfigurationList;
			buildConfigurations = (
				E81E34F61A3865DA00FF0622 /* Debug */,
				E81E34F71A3865DA00FF0622 /* Release */,
			);
			defaultConfigurationIsVisible = 0;
			defaultConfigurationName = Release;
		};
/* End XCConfigurationList section */
	};
	rootObject = E81E34BB1A3865DA00FF0622 /* Project object */;
}
